# This file is automatically @generated by Cargo.
# It is not intended for manual editing.
[[package]]
name = "cc"
version = "1.0.50"
source = "registry+https://github.com/rust-lang/crates.io-index"

[[package]]
name = "proc-macro2"
version = "1.0.10"
source = "registry+https://github.com/rust-lang/crates.io-index"
dependencies = [
 "unicode-xid 0.2.0 (registry+https://github.com/rust-lang/crates.io-index)",
]

[[package]]
name = "quote"
version = "1.0.3"
source = "registry+https://github.com/rust-lang/crates.io-index"
dependencies = [
 "proc-macro2 1.0.10 (registry+https://github.com/rust-lang/crates.io-index)",
]

[[package]]
name = "ring"
version = "0.16.11"
dependencies = [
 "cc 1.0.50 (registry+https://github.com/rust-lang/crates.io-index)",
 "sgx_tstd 1.1.0 (git+https://github.com/apache/teaclave-sgx-sdk?rev=v1.1.0)",
 "spin 0.5.2 (registry+https://github.com/rust-lang/crates.io-index)",
 "untrusted 0.7.0 (registry+https://github.com/rust-lang/crates.io-index)",
]

[[package]]
name = "serde"
version = "1.0.104"
source = "git+https://github.com/mesalock-linux/serde-sgx?tag=sgx_1.1.0#c945ac9aeb23dc799070f3afaf590a6c3ac2c1a2"
dependencies = [
 "sgx_tstd 1.1.0 (git+https://github.com/apache/teaclave-sgx-sdk?rev=v1.1.0)",
]

[[package]]
name = "serde_derive"
version = "1.0.104"
source = "git+https://github.com/mesalock-linux/serde-sgx?tag=sgx_1.1.0#c945ac9aeb23dc799070f3afaf590a6c3ac2c1a2"
dependencies = [
 "proc-macro2 1.0.10 (registry+https://github.com/rust-lang/crates.io-index)",
 "quote 1.0.3 (registry+https://github.com/rust-lang/crates.io-index)",
 "syn 1.0.17 (registry+https://github.com/rust-lang/crates.io-index)",
]

[[package]]
name = "sgx_alloc"
version = "1.1.0"
source = "git+https://github.com/apache/teaclave-sgx-sdk?rev=v1.1.0#71a88b647bb76a16cbc5c3e29403e2afb67f82fd"

[[package]]
name = "sgx_backtrace_sys"
version = "1.1.0"
source = "git+https://github.com/apache/teaclave-sgx-sdk?rev=v1.1.0#71a88b647bb76a16cbc5c3e29403e2afb67f82fd"
dependencies = [
 "cc 1.0.50 (registry+https://github.com/rust-lang/crates.io-index)",
 "sgx_build_helper 0.1.0 (git+https://github.com/apache/teaclave-sgx-sdk?rev=v1.1.0)",
 "sgx_libc 1.1.0 (git+https://github.com/apache/teaclave-sgx-sdk?rev=v1.1.0)",
]

[[package]]
name = "sgx_build_helper"
version = "0.1.0"
source = "git+https://github.com/apache/teaclave-sgx-sdk?rev=v1.1.0#71a88b647bb76a16cbc5c3e29403e2afb67f82fd"

[[package]]
name = "sgx_demangle"
version = "1.1.0"
source = "git+https://github.com/apache/teaclave-sgx-sdk?rev=v1.1.0#71a88b647bb76a16cbc5c3e29403e2afb67f82fd"

[[package]]
name = "sgx_libc"
version = "1.1.0"
source = "git+https://github.com/apache/teaclave-sgx-sdk?rev=v1.1.0#71a88b647bb76a16cbc5c3e29403e2afb67f82fd"
dependencies = [
 "sgx_types 1.1.0 (git+https://github.com/apache/teaclave-sgx-sdk?rev=v1.1.0)",
]

[[package]]
name = "sgx_tcrypto"
version = "1.1.0"
source = "git+https://github.com/apache/teaclave-sgx-sdk?rev=v1.1.0#71a88b647bb76a16cbc5c3e29403e2afb67f82fd"
dependencies = [
 "sgx_types 1.1.0 (git+https://github.com/apache/teaclave-sgx-sdk?rev=v1.1.0)",
]

[[package]]
name = "sgx_tprotected_fs"
version = "1.1.0"
source = "git+https://github.com/apache/teaclave-sgx-sdk?rev=v1.1.0#71a88b647bb76a16cbc5c3e29403e2afb67f82fd"
dependencies = [
 "sgx_trts 1.1.0 (git+https://github.com/apache/teaclave-sgx-sdk?rev=v1.1.0)",
 "sgx_types 1.1.0 (git+https://github.com/apache/teaclave-sgx-sdk?rev=v1.1.0)",
]

[[package]]
name = "sgx_trts"
version = "1.1.0"
source = "git+https://github.com/apache/teaclave-sgx-sdk?rev=v1.1.0#71a88b647bb76a16cbc5c3e29403e2afb67f82fd"
dependencies = [
 "sgx_libc 1.1.0 (git+https://github.com/apache/teaclave-sgx-sdk?rev=v1.1.0)",
 "sgx_types 1.1.0 (git+https://github.com/apache/teaclave-sgx-sdk?rev=v1.1.0)",
]

[[package]]
name = "sgx_tse"
version = "1.1.0"
source = "git+https://github.com/apache/teaclave-sgx-sdk?rev=v1.1.0#71a88b647bb76a16cbc5c3e29403e2afb67f82fd"
dependencies = [
 "sgx_types 1.1.0 (git+https://github.com/apache/teaclave-sgx-sdk?rev=v1.1.0)",
]

[[package]]
name = "sgx_tseal"
version = "1.1.0"
source = "git+https://github.com/apache/teaclave-sgx-sdk?rev=v1.1.0#71a88b647bb76a16cbc5c3e29403e2afb67f82fd"
dependencies = [
 "sgx_tcrypto 1.1.0 (git+https://github.com/apache/teaclave-sgx-sdk?rev=v1.1.0)",
 "sgx_trts 1.1.0 (git+https://github.com/apache/teaclave-sgx-sdk?rev=v1.1.0)",
 "sgx_tse 1.1.0 (git+https://github.com/apache/teaclave-sgx-sdk?rev=v1.1.0)",
 "sgx_types 1.1.0 (git+https://github.com/apache/teaclave-sgx-sdk?rev=v1.1.0)",
]

[[package]]
name = "sgx_tstd"
version = "1.1.0"
source = "git+https://github.com/apache/teaclave-sgx-sdk?rev=v1.1.0#71a88b647bb76a16cbc5c3e29403e2afb67f82fd"
dependencies = [
 "sgx_alloc 1.1.0 (git+https://github.com/apache/teaclave-sgx-sdk?rev=v1.1.0)",
 "sgx_backtrace_sys 1.1.0 (git+https://github.com/apache/teaclave-sgx-sdk?rev=v1.1.0)",
 "sgx_demangle 1.1.0 (git+https://github.com/apache/teaclave-sgx-sdk?rev=v1.1.0)",
 "sgx_libc 1.1.0 (git+https://github.com/apache/teaclave-sgx-sdk?rev=v1.1.0)",
 "sgx_tprotected_fs 1.1.0 (git+https://github.com/apache/teaclave-sgx-sdk?rev=v1.1.0)",
 "sgx_trts 1.1.0 (git+https://github.com/apache/teaclave-sgx-sdk?rev=v1.1.0)",
 "sgx_tseal 1.1.0 (git+https://github.com/apache/teaclave-sgx-sdk?rev=v1.1.0)",
 "sgx_types 1.1.0 (git+https://github.com/apache/teaclave-sgx-sdk?rev=v1.1.0)",
 "sgx_unwind 0.1.0 (git+https://github.com/apache/teaclave-sgx-sdk?rev=v1.1.0)",
]

[[package]]
name = "sgx_types"
version = "1.1.0"
source = "git+https://github.com/apache/teaclave-sgx-sdk?rev=v1.1.0#71a88b647bb76a16cbc5c3e29403e2afb67f82fd"

[[package]]
name = "sgx_unwind"
version = "0.1.0"
source = "git+https://github.com/apache/teaclave-sgx-sdk?rev=v1.1.0#71a88b647bb76a16cbc5c3e29403e2afb67f82fd"
dependencies = [
 "sgx_build_helper 0.1.0 (git+https://github.com/apache/teaclave-sgx-sdk?rev=v1.1.0)",
]

[[package]]
name = "spin"
version = "0.5.2"
source = "registry+https://github.com/rust-lang/crates.io-index"

[[package]]
name = "syn"
version = "1.0.17"
source = "registry+https://github.com/rust-lang/crates.io-index"
dependencies = [
 "proc-macro2 1.0.10 (registry+https://github.com/rust-lang/crates.io-index)",
 "quote 1.0.3 (registry+https://github.com/rust-lang/crates.io-index)",
 "unicode-xid 0.2.0 (registry+https://github.com/rust-lang/crates.io-index)",
]

[[package]]
name = "teaclave_utils"
version = "0.1.0"
dependencies = [
 "ring 0.16.11",
 "serde 1.0.104 (git+https://github.com/mesalock-linux/serde-sgx?tag=sgx_1.1.0)",
 "serde_derive 1.0.104 (git+https://github.com/mesalock-linux/serde-sgx?tag=sgx_1.1.0)",
 "sgx_tstd 1.1.0 (git+https://github.com/apache/teaclave-sgx-sdk?rev=v1.1.0)",
 "sgx_types 1.1.0 (git+https://github.com/apache/teaclave-sgx-sdk?rev=v1.1.0)",
 "toml 0.5.3",
]

[[package]]
name = "toml"
version = "0.5.3"
dependencies = [
 "serde 1.0.104 (git+https://github.com/mesalock-linux/serde-sgx?tag=sgx_1.1.0)",
 "sgx_tstd 1.1.0 (git+https://github.com/apache/teaclave-sgx-sdk?rev=v1.1.0)",
]

[[package]]
name = "unicode-xid"
version = "0.2.0"
source = "registry+https://github.com/rust-lang/crates.io-index"

[[package]]
name = "untrusted"
version = "0.7.0"
source = "registry+https://github.com/rust-lang/crates.io-index"

[metadata]
"checksum cc 1.0.50 (registry+https://github.com/rust-lang/crates.io-index)" = "95e28fa049fda1c330bcf9d723be7663a899c4679724b34c81e9f5a326aab8cd"
"checksum proc-macro2 1.0.10 (registry+https://github.com/rust-lang/crates.io-index)" = "df246d292ff63439fea9bc8c0a270bed0e390d5ebd4db4ba15aba81111b5abe3"
"checksum quote 1.0.3 (registry+https://github.com/rust-lang/crates.io-index)" = "2bdc6c187c65bca4260c9011c9e3132efe4909da44726bad24cf7572ae338d7f"
"checksum serde 1.0.104 (git+https://github.com/mesalock-linux/serde-sgx?tag=sgx_1.1.0)" = "<none>"
"checksum serde_derive 1.0.104 (git+https://github.com/mesalock-linux/serde-sgx?tag=sgx_1.1.0)" = "<none>"
"checksum sgx_alloc 1.1.0 (git+https://github.com/apache/teaclave-sgx-sdk?rev=v1.1.0)" = "<none>"
"checksum sgx_backtrace_sys 1.1.0 (git+https://github.com/apache/teaclave-sgx-sdk?rev=v1.1.0)" = "<none>"
"checksum sgx_build_helper 0.1.0 (git+https://github.com/apache/teaclave-sgx-sdk?rev=v1.1.0)" = "<none>"
"checksum sgx_demangle 1.1.0 (git+https://github.com/apache/teaclave-sgx-sdk?rev=v1.1.0)" = "<none>"
"checksum sgx_libc 1.1.0 (git+https://github.com/apache/teaclave-sgx-sdk?rev=v1.1.0)" = "<none>"
"checksum sgx_tcrypto 1.1.0 (git+https://github.com/apache/teaclave-sgx-sdk?rev=v1.1.0)" = "<none>"
"checksum sgx_tprotected_fs 1.1.0 (git+https://github.com/apache/teaclave-sgx-sdk?rev=v1.1.0)" = "<none>"
"checksum sgx_trts 1.1.0 (git+https://github.com/apache/teaclave-sgx-sdk?rev=v1.1.0)" = "<none>"
"checksum sgx_tse 1.1.0 (git+https://github.com/apache/teaclave-sgx-sdk?rev=v1.1.0)" = "<none>"
"checksum sgx_tseal 1.1.0 (git+https://github.com/apache/teaclave-sgx-sdk?rev=v1.1.0)" = "<none>"
"checksum sgx_tstd 1.1.0 (git+https://github.com/apache/teaclave-sgx-sdk?rev=v1.1.0)" = "<none>"
"checksum sgx_types 1.1.0 (git+https://github.com/apache/teaclave-sgx-sdk?rev=v1.1.0)" = "<none>"
"checksum sgx_unwind 0.1.0 (git+https://github.com/apache/teaclave-sgx-sdk?rev=v1.1.0)" = "<none>"
"checksum spin 0.5.2 (registry+https://github.com/rust-lang/crates.io-index)" = "6e63cff320ae2c57904679ba7cb63280a3dc4613885beafb148ee7bf9aa9042d"
"checksum syn 1.0.17 (registry+https://github.com/rust-lang/crates.io-index)" = "0df0eb663f387145cab623dea85b09c2c5b4b0aef44e945d928e682fce71bb03"
"checksum unicode-xid 0.2.0 (registry+https://github.com/rust-lang/crates.io-index)" = "826e7639553986605ec5979c7dd957c7895e93eabed50ab2ffa7f6128a75097c"
"checksum untrusted 0.7.0 (registry+https://github.com/rust-lang/crates.io-index)" = "60369ef7a31de49bcb3f6ca728d4ba7300d9a1658f94c727d4cab8c8d9f4aece"
