# This file is automatically @generated by Cargo.
# It is not intended for manual editing.
[[package]]
name = "anyhow"
version = "1.0.28"
source = "registry+https://github.com/rust-lang/crates.io-index"

[[package]]
name = "autocfg"
version = "0.1.7"
source = "registry+https://github.com/rust-lang/crates.io-index"

[[package]]
name = "autocfg"
version = "1.0.0"
source = "registry+https://github.com/rust-lang/crates.io-index"

[[package]]
name = "base64"
version = "0.10.1"
source = "registry+https://github.com/rust-lang/crates.io-index"
dependencies = [
 "byteorder 1.3.4 (registry+https://github.com/rust-lang/crates.io-index)",
]

[[package]]
name = "bit-vec"
version = "0.6.1"
source = "registry+https://github.com/rust-lang/crates.io-index"

[[package]]
name = "bitflags"
version = "1.2.1"
source = "registry+https://github.com/rust-lang/crates.io-index"

[[package]]
name = "bumpalo"
version = "3.2.1"
source = "registry+https://github.com/rust-lang/crates.io-index"

[[package]]
name = "byteorder"
version = "1.3.4"
source = "registry+https://github.com/rust-lang/crates.io-index"

[[package]]
name = "cc"
version = "1.0.50"
source = "registry+https://github.com/rust-lang/crates.io-index"

[[package]]
name = "cfg-if"
version = "0.1.10"
source = "registry+https://github.com/rust-lang/crates.io-index"

[[package]]
name = "chrono"
version = "0.4.11"
source = "registry+https://github.com/rust-lang/crates.io-index"
dependencies = [
 "num-integer 0.1.42 (registry+https://github.com/rust-lang/crates.io-index)",
 "num-traits 0.2.11 (registry+https://github.com/rust-lang/crates.io-index)",
 "time 0.1.42 (registry+https://github.com/rust-lang/crates.io-index)",
]

[[package]]
name = "cloudabi"
version = "0.0.3"
source = "registry+https://github.com/rust-lang/crates.io-index"
dependencies = [
 "bitflags 1.2.1 (registry+https://github.com/rust-lang/crates.io-index)",
]

[[package]]
name = "fuchsia-cprng"
version = "0.1.1"
source = "registry+https://github.com/rust-lang/crates.io-index"

[[package]]
name = "hashbrown_tstd"
version = "0.7.1"
source = "registry+https://github.com/rust-lang/crates.io-index"
dependencies = [
 "autocfg 1.0.0 (registry+https://github.com/rust-lang/crates.io-index)",
]

[[package]]
name = "httparse"
version = "1.3.4"
source = "registry+https://github.com/rust-lang/crates.io-index"

[[package]]
name = "itoa"
version = "0.4.5"
source = "registry+https://github.com/rust-lang/crates.io-index"

[[package]]
name = "js-sys"
version = "0.3.37"
source = "registry+https://github.com/rust-lang/crates.io-index"
dependencies = [
 "wasm-bindgen 0.2.60 (registry+https://github.com/rust-lang/crates.io-index)",
]

[[package]]
name = "lazy_static"
version = "1.4.0"
source = "registry+https://github.com/rust-lang/crates.io-index"
dependencies = [
 "spin 0.5.2 (registry+https://github.com/rust-lang/crates.io-index)",
]

[[package]]
name = "libc"
version = "0.2.68"
source = "registry+https://github.com/rust-lang/crates.io-index"

[[package]]
name = "log"
version = "0.4.8"
source = "registry+https://github.com/rust-lang/crates.io-index"
dependencies = [
 "cfg-if 0.1.10 (registry+https://github.com/rust-lang/crates.io-index)",
]

[[package]]
name = "num-bigint"
version = "0.2.6"
source = "registry+https://github.com/rust-lang/crates.io-index"
dependencies = [
 "autocfg 1.0.0 (registry+https://github.com/rust-lang/crates.io-index)",
 "num-integer 0.1.42 (registry+https://github.com/rust-lang/crates.io-index)",
 "num-traits 0.2.11 (registry+https://github.com/rust-lang/crates.io-index)",
]

[[package]]
name = "num-integer"
version = "0.1.42"
source = "registry+https://github.com/rust-lang/crates.io-index"
dependencies = [
 "autocfg 1.0.0 (registry+https://github.com/rust-lang/crates.io-index)",
 "num-traits 0.2.11 (registry+https://github.com/rust-lang/crates.io-index)",
]

[[package]]
name = "num-traits"
version = "0.2.11"
source = "registry+https://github.com/rust-lang/crates.io-index"
dependencies = [
 "autocfg 1.0.0 (registry+https://github.com/rust-lang/crates.io-index)",
]

[[package]]
name = "proc-macro2"
version = "1.0.9"
source = "registry+https://github.com/rust-lang/crates.io-index"
dependencies = [
 "unicode-xid 0.2.0 (registry+https://github.com/rust-lang/crates.io-index)",
]

[[package]]
name = "quote"
version = "1.0.3"
source = "registry+https://github.com/rust-lang/crates.io-index"
dependencies = [
 "proc-macro2 1.0.9 (registry+https://github.com/rust-lang/crates.io-index)",
]

[[package]]
name = "rand"
version = "0.6.5"
source = "registry+https://github.com/rust-lang/crates.io-index"
dependencies = [
 "autocfg 0.1.7 (registry+https://github.com/rust-lang/crates.io-index)",
 "libc 0.2.68 (registry+https://github.com/rust-lang/crates.io-index)",
 "rand_chacha 0.1.1 (registry+https://github.com/rust-lang/crates.io-index)",
 "rand_core 0.4.2 (registry+https://github.com/rust-lang/crates.io-index)",
 "rand_hc 0.1.0 (registry+https://github.com/rust-lang/crates.io-index)",
 "rand_isaac 0.1.1 (registry+https://github.com/rust-lang/crates.io-index)",
 "rand_jitter 0.1.4 (registry+https://github.com/rust-lang/crates.io-index)",
 "rand_os 0.1.3 (registry+https://github.com/rust-lang/crates.io-index)",
 "rand_pcg 0.1.2 (registry+https://github.com/rust-lang/crates.io-index)",
 "rand_xorshift 0.1.1 (registry+https://github.com/rust-lang/crates.io-index)",
 "winapi 0.3.8 (registry+https://github.com/rust-lang/crates.io-index)",
]

[[package]]
name = "rand_chacha"
version = "0.1.1"
source = "registry+https://github.com/rust-lang/crates.io-index"
dependencies = [
 "autocfg 0.1.7 (registry+https://github.com/rust-lang/crates.io-index)",
 "rand_core 0.3.1 (registry+https://github.com/rust-lang/crates.io-index)",
]

[[package]]
name = "rand_core"
version = "0.3.1"
source = "registry+https://github.com/rust-lang/crates.io-index"
dependencies = [
 "rand_core 0.4.2 (registry+https://github.com/rust-lang/crates.io-index)",
]

[[package]]
name = "rand_core"
version = "0.4.2"
source = "registry+https://github.com/rust-lang/crates.io-index"

[[package]]
name = "rand_hc"
version = "0.1.0"
source = "registry+https://github.com/rust-lang/crates.io-index"
dependencies = [
 "rand_core 0.3.1 (registry+https://github.com/rust-lang/crates.io-index)",
]

[[package]]
name = "rand_isaac"
version = "0.1.1"
source = "registry+https://github.com/rust-lang/crates.io-index"
dependencies = [
 "rand_core 0.3.1 (registry+https://github.com/rust-lang/crates.io-index)",
]

[[package]]
name = "rand_jitter"
version = "0.1.4"
source = "registry+https://github.com/rust-lang/crates.io-index"
dependencies = [
 "libc 0.2.68 (registry+https://github.com/rust-lang/crates.io-index)",
 "rand_core 0.4.2 (registry+https://github.com/rust-lang/crates.io-index)",
 "winapi 0.3.8 (registry+https://github.com/rust-lang/crates.io-index)",
]

[[package]]
name = "rand_os"
version = "0.1.3"
source = "registry+https://github.com/rust-lang/crates.io-index"
dependencies = [
 "cloudabi 0.0.3 (registry+https://github.com/rust-lang/crates.io-index)",
 "fuchsia-cprng 0.1.1 (registry+https://github.com/rust-lang/crates.io-index)",
 "libc 0.2.68 (registry+https://github.com/rust-lang/crates.io-index)",
 "rand_core 0.4.2 (registry+https://github.com/rust-lang/crates.io-index)",
 "rdrand 0.4.0 (registry+https://github.com/rust-lang/crates.io-index)",
 "winapi 0.3.8 (registry+https://github.com/rust-lang/crates.io-index)",
]

[[package]]
name = "rand_pcg"
version = "0.1.2"
source = "registry+https://github.com/rust-lang/crates.io-index"
dependencies = [
 "autocfg 0.1.7 (registry+https://github.com/rust-lang/crates.io-index)",
 "rand_core 0.4.2 (registry+https://github.com/rust-lang/crates.io-index)",
]

[[package]]
name = "rand_xorshift"
version = "0.1.1"
source = "registry+https://github.com/rust-lang/crates.io-index"
dependencies = [
 "rand_core 0.3.1 (registry+https://github.com/rust-lang/crates.io-index)",
]

[[package]]
name = "rdrand"
version = "0.4.0"
source = "registry+https://github.com/rust-lang/crates.io-index"
dependencies = [
 "rand_core 0.3.1 (registry+https://github.com/rust-lang/crates.io-index)",
]

[[package]]
name = "redox_syscall"
version = "0.1.56"
source = "registry+https://github.com/rust-lang/crates.io-index"

[[package]]
name = "ring"
version = "0.16.11"
dependencies = [
 "cc 1.0.50 (registry+https://github.com/rust-lang/crates.io-index)",
 "sgx_tstd 1.1.0 (git+https://github.com/apache/teaclave-sgx-sdk?rev=v1.1.0)",
 "spin 0.5.2 (registry+https://github.com/rust-lang/crates.io-index)",
 "untrusted 0.7.0 (registry+https://github.com/rust-lang/crates.io-index)",
]

[[package]]
name = "ring"
version = "0.16.12"
source = "registry+https://github.com/rust-lang/crates.io-index"
dependencies = [
 "cc 1.0.50 (registry+https://github.com/rust-lang/crates.io-index)",
 "lazy_static 1.4.0 (registry+https://github.com/rust-lang/crates.io-index)",
 "libc 0.2.68 (registry+https://github.com/rust-lang/crates.io-index)",
 "spin 0.5.2 (registry+https://github.com/rust-lang/crates.io-index)",
 "untrusted 0.7.0 (registry+https://github.com/rust-lang/crates.io-index)",
 "web-sys 0.3.37 (registry+https://github.com/rust-lang/crates.io-index)",
 "winapi 0.3.8 (registry+https://github.com/rust-lang/crates.io-index)",
]

[[package]]
name = "rustls"
version = "0.16.0"
source = "registry+https://github.com/rust-lang/crates.io-index"
dependencies = [
 "base64 0.10.1 (registry+https://github.com/rust-lang/crates.io-index)",
 "log 0.4.8 (registry+https://github.com/rust-lang/crates.io-index)",
 "ring 0.16.12 (registry+https://github.com/rust-lang/crates.io-index)",
 "sct 0.6.0 (registry+https://github.com/rust-lang/crates.io-index)",
 "webpki 0.21.2 (registry+https://github.com/rust-lang/crates.io-index)",
]

[[package]]
name = "ryu"
version = "1.0.3"
source = "registry+https://github.com/rust-lang/crates.io-index"

[[package]]
name = "sct"
version = "0.6.0"
source = "registry+https://github.com/rust-lang/crates.io-index"
dependencies = [
 "ring 0.16.12 (registry+https://github.com/rust-lang/crates.io-index)",
 "untrusted 0.7.0 (registry+https://github.com/rust-lang/crates.io-index)",
]

[[package]]
name = "serde"
version = "1.0.104"
source = "git+https://github.com/mesalock-linux/serde-sgx?tag=sgx_1.1.0#c945ac9aeb23dc799070f3afaf590a6c3ac2c1a2"
dependencies = [
 "sgx_tstd 1.1.0 (git+https://github.com/apache/teaclave-sgx-sdk?rev=v1.1.0)",
]

[[package]]
name = "serde"
version = "1.0.106"
source = "registry+https://github.com/rust-lang/crates.io-index"

[[package]]
name = "serde_derive"
version = "1.0.104"
source = "git+https://github.com/mesalock-linux/serde-sgx?tag=sgx_1.1.0#c945ac9aeb23dc799070f3afaf590a6c3ac2c1a2"
dependencies = [
 "proc-macro2 1.0.9 (registry+https://github.com/rust-lang/crates.io-index)",
 "quote 1.0.3 (registry+https://github.com/rust-lang/crates.io-index)",
 "syn 1.0.17 (registry+https://github.com/rust-lang/crates.io-index)",
]

[[package]]
name = "serde_derive"
version = "1.0.106"
source = "registry+https://github.com/rust-lang/crates.io-index"
dependencies = [
 "proc-macro2 1.0.9 (registry+https://github.com/rust-lang/crates.io-index)",
 "quote 1.0.3 (registry+https://github.com/rust-lang/crates.io-index)",
 "syn 1.0.17 (registry+https://github.com/rust-lang/crates.io-index)",
]

[[package]]
name = "serde_json"
version = "1.0.51"
source = "registry+https://github.com/rust-lang/crates.io-index"
dependencies = [
 "itoa 0.4.5 (registry+https://github.com/rust-lang/crates.io-index)",
 "ryu 1.0.3 (registry+https://github.com/rust-lang/crates.io-index)",
 "serde 1.0.106 (registry+https://github.com/rust-lang/crates.io-index)",
]

[[package]]
name = "sgx_alloc"
version = "1.1.0"
source = "git+https://github.com/apache/teaclave-sgx-sdk?rev=v1.1.0#71a88b647bb76a16cbc5c3e29403e2afb67f82fd"

[[package]]
name = "sgx_alloc"
version = "1.1.1"
source = "registry+https://github.com/rust-lang/crates.io-index"

[[package]]
name = "sgx_backtrace_sys"
version = "1.1.0"
source = "git+https://github.com/apache/teaclave-sgx-sdk?rev=v1.1.0#71a88b647bb76a16cbc5c3e29403e2afb67f82fd"
dependencies = [
 "cc 1.0.50 (registry+https://github.com/rust-lang/crates.io-index)",
 "sgx_build_helper 0.1.0 (git+https://github.com/apache/teaclave-sgx-sdk?rev=v1.1.0)",
 "sgx_libc 1.1.0 (git+https://github.com/apache/teaclave-sgx-sdk?rev=v1.1.0)",
]

[[package]]
name = "sgx_backtrace_sys"
version = "1.1.1"
source = "registry+https://github.com/rust-lang/crates.io-index"
dependencies = [
 "cc 1.0.50 (registry+https://github.com/rust-lang/crates.io-index)",
 "sgx_build_helper 0.1.3 (registry+https://github.com/rust-lang/crates.io-index)",
 "sgx_libc 1.1.1 (registry+https://github.com/rust-lang/crates.io-index)",
]

[[package]]
name = "sgx_build_helper"
version = "0.1.0"
source = "git+https://github.com/apache/teaclave-sgx-sdk?rev=v1.1.0#71a88b647bb76a16cbc5c3e29403e2afb67f82fd"

[[package]]
name = "sgx_build_helper"
version = "0.1.3"
source = "registry+https://github.com/rust-lang/crates.io-index"

[[package]]
name = "sgx_demangle"
version = "1.1.0"
source = "git+https://github.com/apache/teaclave-sgx-sdk?rev=v1.1.0#71a88b647bb76a16cbc5c3e29403e2afb67f82fd"

[[package]]
name = "sgx_demangle"
version = "1.1.1"
source = "registry+https://github.com/rust-lang/crates.io-index"

[[package]]
name = "sgx_libc"
version = "1.1.0"
source = "git+https://github.com/apache/teaclave-sgx-sdk?rev=v1.1.0#71a88b647bb76a16cbc5c3e29403e2afb67f82fd"
dependencies = [
 "sgx_types 1.1.0 (git+https://github.com/apache/teaclave-sgx-sdk?rev=v1.1.0)",
]

[[package]]
name = "sgx_libc"
version = "1.1.1"
source = "registry+https://github.com/rust-lang/crates.io-index"
dependencies = [
 "sgx_types 1.1.1 (registry+https://github.com/rust-lang/crates.io-index)",
]

[[package]]
name = "sgx_rand"
version = "1.1.1"
source = "registry+https://github.com/rust-lang/crates.io-index"
dependencies = [
 "sgx_trts 1.1.1 (registry+https://github.com/rust-lang/crates.io-index)",
 "sgx_tstd 1.1.1 (registry+https://github.com/rust-lang/crates.io-index)",
 "sgx_types 1.1.1 (registry+https://github.com/rust-lang/crates.io-index)",
]

[[package]]
name = "sgx_tcrypto"
version = "1.1.0"
source = "git+https://github.com/apache/teaclave-sgx-sdk?rev=v1.1.0#71a88b647bb76a16cbc5c3e29403e2afb67f82fd"
dependencies = [
 "sgx_types 1.1.0 (git+https://github.com/apache/teaclave-sgx-sdk?rev=v1.1.0)",
]

[[package]]
name = "sgx_tcrypto"
version = "1.1.1"
source = "registry+https://github.com/rust-lang/crates.io-index"
dependencies = [
 "sgx_types 1.1.1 (registry+https://github.com/rust-lang/crates.io-index)",
]

[[package]]
name = "sgx_tprotected_fs"
version = "1.1.0"
source = "git+https://github.com/apache/teaclave-sgx-sdk?rev=v1.1.0#71a88b647bb76a16cbc5c3e29403e2afb67f82fd"
dependencies = [
 "sgx_trts 1.1.0 (git+https://github.com/apache/teaclave-sgx-sdk?rev=v1.1.0)",
 "sgx_types 1.1.0 (git+https://github.com/apache/teaclave-sgx-sdk?rev=v1.1.0)",
]

[[package]]
name = "sgx_tprotected_fs"
version = "1.1.1"
source = "registry+https://github.com/rust-lang/crates.io-index"
dependencies = [
 "sgx_trts 1.1.1 (registry+https://github.com/rust-lang/crates.io-index)",
 "sgx_types 1.1.1 (registry+https://github.com/rust-lang/crates.io-index)",
]

[[package]]
name = "sgx_trts"
version = "1.1.0"
source = "git+https://github.com/apache/teaclave-sgx-sdk?rev=v1.1.0#71a88b647bb76a16cbc5c3e29403e2afb67f82fd"
dependencies = [
 "sgx_libc 1.1.0 (git+https://github.com/apache/teaclave-sgx-sdk?rev=v1.1.0)",
 "sgx_types 1.1.0 (git+https://github.com/apache/teaclave-sgx-sdk?rev=v1.1.0)",
]

[[package]]
name = "sgx_trts"
version = "1.1.1"
source = "registry+https://github.com/rust-lang/crates.io-index"
dependencies = [
 "sgx_libc 1.1.1 (registry+https://github.com/rust-lang/crates.io-index)",
 "sgx_types 1.1.1 (registry+https://github.com/rust-lang/crates.io-index)",
]

[[package]]
name = "sgx_tse"
version = "1.1.0"
source = "git+https://github.com/apache/teaclave-sgx-sdk?rev=v1.1.0#71a88b647bb76a16cbc5c3e29403e2afb67f82fd"
dependencies = [
 "sgx_types 1.1.0 (git+https://github.com/apache/teaclave-sgx-sdk?rev=v1.1.0)",
]

[[package]]
name = "sgx_tse"
version = "1.1.1"
source = "registry+https://github.com/rust-lang/crates.io-index"
dependencies = [
 "sgx_types 1.1.1 (registry+https://github.com/rust-lang/crates.io-index)",
]

[[package]]
name = "sgx_tseal"
version = "1.1.0"
source = "git+https://github.com/apache/teaclave-sgx-sdk?rev=v1.1.0#71a88b647bb76a16cbc5c3e29403e2afb67f82fd"
dependencies = [
 "sgx_tcrypto 1.1.0 (git+https://github.com/apache/teaclave-sgx-sdk?rev=v1.1.0)",
 "sgx_trts 1.1.0 (git+https://github.com/apache/teaclave-sgx-sdk?rev=v1.1.0)",
 "sgx_tse 1.1.0 (git+https://github.com/apache/teaclave-sgx-sdk?rev=v1.1.0)",
 "sgx_types 1.1.0 (git+https://github.com/apache/teaclave-sgx-sdk?rev=v1.1.0)",
]

[[package]]
name = "sgx_tstd"
version = "1.1.0"
source = "git+https://github.com/apache/teaclave-sgx-sdk?rev=v1.1.0#71a88b647bb76a16cbc5c3e29403e2afb67f82fd"
dependencies = [
 "sgx_alloc 1.1.0 (git+https://github.com/apache/teaclave-sgx-sdk?rev=v1.1.0)",
 "sgx_backtrace_sys 1.1.0 (git+https://github.com/apache/teaclave-sgx-sdk?rev=v1.1.0)",
 "sgx_demangle 1.1.0 (git+https://github.com/apache/teaclave-sgx-sdk?rev=v1.1.0)",
 "sgx_libc 1.1.0 (git+https://github.com/apache/teaclave-sgx-sdk?rev=v1.1.0)",
 "sgx_tprotected_fs 1.1.0 (git+https://github.com/apache/teaclave-sgx-sdk?rev=v1.1.0)",
 "sgx_trts 1.1.0 (git+https://github.com/apache/teaclave-sgx-sdk?rev=v1.1.0)",
 "sgx_tseal 1.1.0 (git+https://github.com/apache/teaclave-sgx-sdk?rev=v1.1.0)",
 "sgx_types 1.1.0 (git+https://github.com/apache/teaclave-sgx-sdk?rev=v1.1.0)",
 "sgx_unwind 0.1.0 (git+https://github.com/apache/teaclave-sgx-sdk?rev=v1.1.0)",
]

[[package]]
name = "sgx_tstd"
version = "1.1.1"
source = "registry+https://github.com/rust-lang/crates.io-index"
dependencies = [
 "hashbrown_tstd 0.7.1 (registry+https://github.com/rust-lang/crates.io-index)",
 "sgx_alloc 1.1.1 (registry+https://github.com/rust-lang/crates.io-index)",
 "sgx_backtrace_sys 1.1.1 (registry+https://github.com/rust-lang/crates.io-index)",
 "sgx_demangle 1.1.1 (registry+https://github.com/rust-lang/crates.io-index)",
 "sgx_libc 1.1.1 (registry+https://github.com/rust-lang/crates.io-index)",
 "sgx_tprotected_fs 1.1.1 (registry+https://github.com/rust-lang/crates.io-index)",
 "sgx_trts 1.1.1 (registry+https://github.com/rust-lang/crates.io-index)",
 "sgx_types 1.1.1 (registry+https://github.com/rust-lang/crates.io-index)",
 "sgx_unwind 0.1.1 (registry+https://github.com/rust-lang/crates.io-index)",
]

[[package]]
name = "sgx_types"
version = "1.1.0"
source = "git+https://github.com/apache/teaclave-sgx-sdk?rev=v1.1.0#71a88b647bb76a16cbc5c3e29403e2afb67f82fd"

[[package]]
name = "sgx_types"
version = "1.1.1"
source = "registry+https://github.com/rust-lang/crates.io-index"

[[package]]
name = "sgx_unwind"
version = "0.1.0"
source = "git+https://github.com/apache/teaclave-sgx-sdk?rev=v1.1.0#71a88b647bb76a16cbc5c3e29403e2afb67f82fd"
dependencies = [
 "sgx_build_helper 0.1.0 (git+https://github.com/apache/teaclave-sgx-sdk?rev=v1.1.0)",
]

[[package]]
name = "sgx_unwind"
version = "0.1.1"
source = "registry+https://github.com/rust-lang/crates.io-index"
dependencies = [
 "sgx_build_helper 0.1.3 (registry+https://github.com/rust-lang/crates.io-index)",
]

[[package]]
name = "spin"
version = "0.5.2"
source = "registry+https://github.com/rust-lang/crates.io-index"

[[package]]
name = "syn"
version = "1.0.17"
source = "registry+https://github.com/rust-lang/crates.io-index"
dependencies = [
 "proc-macro2 1.0.9 (registry+https://github.com/rust-lang/crates.io-index)",
 "quote 1.0.3 (registry+https://github.com/rust-lang/crates.io-index)",
 "unicode-xid 0.2.0 (registry+https://github.com/rust-lang/crates.io-index)",
]

[[package]]
name = "teaclave_attestation"
version = "0.1.0"
dependencies = [
 "anyhow 1.0.28 (registry+https://github.com/rust-lang/crates.io-index)",
 "base64 0.10.1 (registry+https://github.com/rust-lang/crates.io-index)",
 "bit-vec 0.6.1 (registry+https://github.com/rust-lang/crates.io-index)",
 "cfg-if 0.1.10 (registry+https://github.com/rust-lang/crates.io-index)",
 "chrono 0.4.11 (registry+https://github.com/rust-lang/crates.io-index)",
 "httparse 1.3.4 (registry+https://github.com/rust-lang/crates.io-index)",
 "log 0.4.8 (registry+https://github.com/rust-lang/crates.io-index)",
 "num-bigint 0.2.6 (registry+https://github.com/rust-lang/crates.io-index)",
 "rustls 0.16.0 (registry+https://github.com/rust-lang/crates.io-index)",
 "serde_json 1.0.51 (registry+https://github.com/rust-lang/crates.io-index)",
 "sgx_rand 1.1.1 (registry+https://github.com/rust-lang/crates.io-index)",
 "sgx_tcrypto 1.1.1 (registry+https://github.com/rust-lang/crates.io-index)",
 "sgx_tse 1.1.1 (registry+https://github.com/rust-lang/crates.io-index)",
 "sgx_tstd 1.1.1 (registry+https://github.com/rust-lang/crates.io-index)",
 "sgx_types 1.1.1 (registry+https://github.com/rust-lang/crates.io-index)",
 "teaclave_config 0.1.0",
 "teaclave_utils 0.1.0",
 "thiserror 1.0.14 (registry+https://github.com/rust-lang/crates.io-index)",
 "uuid 0.7.4 (registry+https://github.com/rust-lang/crates.io-index)",
 "webpki 0.21.2 (registry+https://github.com/rust-lang/crates.io-index)",
 "webpki-roots 0.17.0 (registry+https://github.com/rust-lang/crates.io-index)",
 "yasna 0.3.1 (registry+https://github.com/rust-lang/crates.io-index)",
]

[[package]]
name = "teaclave_config"
version = "0.1.0"
dependencies = [
 "lazy_static 1.4.0 (registry+https://github.com/rust-lang/crates.io-index)",
 "log 0.4.8 (registry+https://github.com/rust-lang/crates.io-index)",
 "serde 1.0.106 (registry+https://github.com/rust-lang/crates.io-index)",
 "serde_derive 1.0.106 (registry+https://github.com/rust-lang/crates.io-index)",
 "toml 0.5.6 (registry+https://github.com/rust-lang/crates.io-index)",
]

[[package]]
name = "teaclave_utils"
version = "0.1.0"
dependencies = [
 "ring 0.16.11",
 "serde 1.0.104 (git+https://github.com/mesalock-linux/serde-sgx?tag=sgx_1.1.0)",
 "serde_derive 1.0.104 (git+https://github.com/mesalock-linux/serde-sgx?tag=sgx_1.1.0)",
 "sgx_tstd 1.1.0 (git+https://github.com/apache/teaclave-sgx-sdk?rev=v1.1.0)",
 "sgx_types 1.1.0 (git+https://github.com/apache/teaclave-sgx-sdk?rev=v1.1.0)",
 "toml 0.5.3",
]

[[package]]
name = "thiserror"
version = "1.0.14"
source = "registry+https://github.com/rust-lang/crates.io-index"
dependencies = [
 "thiserror-impl 1.0.14 (registry+https://github.com/rust-lang/crates.io-index)",
]

[[package]]
name = "thiserror-impl"
version = "1.0.14"
source = "registry+https://github.com/rust-lang/crates.io-index"
dependencies = [
 "proc-macro2 1.0.9 (registry+https://github.com/rust-lang/crates.io-index)",
 "quote 1.0.3 (registry+https://github.com/rust-lang/crates.io-index)",
 "syn 1.0.17 (registry+https://github.com/rust-lang/crates.io-index)",
]

[[package]]
name = "time"
version = "0.1.42"
source = "registry+https://github.com/rust-lang/crates.io-index"
dependencies = [
 "libc 0.2.68 (registry+https://github.com/rust-lang/crates.io-index)",
 "redox_syscall 0.1.56 (registry+https://github.com/rust-lang/crates.io-index)",
 "winapi 0.3.8 (registry+https://github.com/rust-lang/crates.io-index)",
]

[[package]]
name = "toml"
version = "0.5.3"
dependencies = [
 "serde 1.0.104 (git+https://github.com/mesalock-linux/serde-sgx?tag=sgx_1.1.0)",
 "sgx_tstd 1.1.0 (git+https://github.com/apache/teaclave-sgx-sdk?rev=v1.1.0)",
]

[[package]]
name = "toml"
version = "0.5.6"
source = "registry+https://github.com/rust-lang/crates.io-index"
dependencies = [
 "serde 1.0.106 (registry+https://github.com/rust-lang/crates.io-index)",
]

[[package]]
name = "unicode-xid"
version = "0.2.0"
source = "registry+https://github.com/rust-lang/crates.io-index"

[[package]]
name = "untrusted"
version = "0.7.0"
source = "registry+https://github.com/rust-lang/crates.io-index"

[[package]]
name = "uuid"
version = "0.7.4"
source = "registry+https://github.com/rust-lang/crates.io-index"
dependencies = [
 "rand 0.6.5 (registry+https://github.com/rust-lang/crates.io-index)",
]

[[package]]
name = "wasm-bindgen"
version = "0.2.60"
source = "registry+https://github.com/rust-lang/crates.io-index"
dependencies = [
 "cfg-if 0.1.10 (registry+https://github.com/rust-lang/crates.io-index)",
 "wasm-bindgen-macro 0.2.60 (registry+https://github.com/rust-lang/crates.io-index)",
]

[[package]]
name = "wasm-bindgen-backend"
version = "0.2.60"
source = "registry+https://github.com/rust-lang/crates.io-index"
dependencies = [
 "bumpalo 3.2.1 (registry+https://github.com/rust-lang/crates.io-index)",
 "lazy_static 1.4.0 (registry+https://github.com/rust-lang/crates.io-index)",
 "log 0.4.8 (registry+https://github.com/rust-lang/crates.io-index)",
 "proc-macro2 1.0.9 (registry+https://github.com/rust-lang/crates.io-index)",
 "quote 1.0.3 (registry+https://github.com/rust-lang/crates.io-index)",
 "syn 1.0.17 (registry+https://github.com/rust-lang/crates.io-index)",
 "wasm-bindgen-shared 0.2.60 (registry+https://github.com/rust-lang/crates.io-index)",
]

[[package]]
name = "wasm-bindgen-macro"
version = "0.2.60"
source = "registry+https://github.com/rust-lang/crates.io-index"
dependencies = [
 "quote 1.0.3 (registry+https://github.com/rust-lang/crates.io-index)",
 "wasm-bindgen-macro-support 0.2.60 (registry+https://github.com/rust-lang/crates.io-index)",
]

[[package]]
name = "wasm-bindgen-macro-support"
version = "0.2.60"
source = "registry+https://github.com/rust-lang/crates.io-index"
dependencies = [
 "proc-macro2 1.0.9 (registry+https://github.com/rust-lang/crates.io-index)",
 "quote 1.0.3 (registry+https://github.com/rust-lang/crates.io-index)",
 "syn 1.0.17 (registry+https://github.com/rust-lang/crates.io-index)",
 "wasm-bindgen-backend 0.2.60 (registry+https://github.com/rust-lang/crates.io-index)",
 "wasm-bindgen-shared 0.2.60 (registry+https://github.com/rust-lang/crates.io-index)",
]

[[package]]
name = "wasm-bindgen-shared"
version = "0.2.60"
source = "registry+https://github.com/rust-lang/crates.io-index"

[[package]]
name = "web-sys"
version = "0.3.37"
source = "registry+https://github.com/rust-lang/crates.io-index"
dependencies = [
 "js-sys 0.3.37 (registry+https://github.com/rust-lang/crates.io-index)",
 "wasm-bindgen 0.2.60 (registry+https://github.com/rust-lang/crates.io-index)",
]

[[package]]
name = "webpki"
version = "0.21.2"
source = "registry+https://github.com/rust-lang/crates.io-index"
dependencies = [
 "ring 0.16.12 (registry+https://github.com/rust-lang/crates.io-index)",
 "untrusted 0.7.0 (registry+https://github.com/rust-lang/crates.io-index)",
]

[[package]]
name = "webpki-roots"
version = "0.17.0"
source = "registry+https://github.com/rust-lang/crates.io-index"
dependencies = [
 "webpki 0.21.2 (registry+https://github.com/rust-lang/crates.io-index)",
]

[[package]]
name = "winapi"
version = "0.3.8"
source = "registry+https://github.com/rust-lang/crates.io-index"
dependencies = [
 "winapi-i686-pc-windows-gnu 0.4.0 (registry+https://github.com/rust-lang/crates.io-index)",
 "winapi-x86_64-pc-windows-gnu 0.4.0 (registry+https://github.com/rust-lang/crates.io-index)",
]

[[package]]
name = "winapi-i686-pc-windows-gnu"
version = "0.4.0"
source = "registry+https://github.com/rust-lang/crates.io-index"

[[package]]
name = "winapi-x86_64-pc-windows-gnu"
version = "0.4.0"
source = "registry+https://github.com/rust-lang/crates.io-index"

[[package]]
name = "yasna"
version = "0.3.1"
source = "registry+https://github.com/rust-lang/crates.io-index"
dependencies = [
 "bit-vec 0.6.1 (registry+https://github.com/rust-lang/crates.io-index)",
 "chrono 0.4.11 (registry+https://github.com/rust-lang/crates.io-index)",
 "num-bigint 0.2.6 (registry+https://github.com/rust-lang/crates.io-index)",
]

[metadata]
"checksum anyhow 1.0.28 (registry+https://github.com/rust-lang/crates.io-index)" = "d9a60d744a80c30fcb657dfe2c1b22bcb3e814c1a1e3674f32bf5820b570fbff"
"checksum autocfg 0.1.7 (registry+https://github.com/rust-lang/crates.io-index)" = "1d49d90015b3c36167a20fe2810c5cd875ad504b39cff3d4eae7977e6b7c1cb2"
"checksum autocfg 1.0.0 (registry+https://github.com/rust-lang/crates.io-index)" = "f8aac770f1885fd7e387acedd76065302551364496e46b3dd00860b2f8359b9d"
"checksum base64 0.10.1 (registry+https://github.com/rust-lang/crates.io-index)" = "0b25d992356d2eb0ed82172f5248873db5560c4721f564b13cb5193bda5e668e"
"checksum bit-vec 0.6.1 (registry+https://github.com/rust-lang/crates.io-index)" = "a4523a10839ffae575fb08aa3423026c8cb4687eef43952afb956229d4f246f7"
"checksum bitflags 1.2.1 (registry+https://github.com/rust-lang/crates.io-index)" = "cf1de2fe8c75bc145a2f577add951f8134889b4795d47466a54a5c846d691693"
"checksum bumpalo 3.2.1 (registry+https://github.com/rust-lang/crates.io-index)" = "12ae9db68ad7fac5fe51304d20f016c911539251075a214f8e663babefa35187"
"checksum byteorder 1.3.4 (registry+https://github.com/rust-lang/crates.io-index)" = "08c48aae112d48ed9f069b33538ea9e3e90aa263cfa3d1c24309612b1f7472de"
"checksum cc 1.0.50 (registry+https://github.com/rust-lang/crates.io-index)" = "95e28fa049fda1c330bcf9d723be7663a899c4679724b34c81e9f5a326aab8cd"
"checksum cfg-if 0.1.10 (registry+https://github.com/rust-lang/crates.io-index)" = "4785bdd1c96b2a846b2bd7cc02e86b6b3dbf14e7e53446c4f54c92a361040822"
"checksum chrono 0.4.11 (registry+https://github.com/rust-lang/crates.io-index)" = "80094f509cf8b5ae86a4966a39b3ff66cd7e2a3e594accec3743ff3fabeab5b2"
"checksum cloudabi 0.0.3 (registry+https://github.com/rust-lang/crates.io-index)" = "ddfc5b9aa5d4507acaf872de71051dfd0e309860e88966e1051e462a077aac4f"
"checksum fuchsia-cprng 0.1.1 (registry+https://github.com/rust-lang/crates.io-index)" = "a06f77d526c1a601b7c4cdd98f54b5eaabffc14d5f2f0296febdc7f357c6d3ba"
"checksum hashbrown_tstd 0.7.1 (registry+https://github.com/rust-lang/crates.io-index)" = "3c57e7f2e84e024aff147279232fa17a5940ebcb7a6c9e6343a8f13adad3125c"
"checksum httparse 1.3.4 (registry+https://github.com/rust-lang/crates.io-index)" = "cd179ae861f0c2e53da70d892f5f3029f9594be0c41dc5269cd371691b1dc2f9"
"checksum itoa 0.4.5 (registry+https://github.com/rust-lang/crates.io-index)" = "b8b7a7c0c47db5545ed3fef7468ee7bb5b74691498139e4b3f6a20685dc6dd8e"
"checksum js-sys 0.3.37 (registry+https://github.com/rust-lang/crates.io-index)" = "6a27d435371a2fa5b6d2b028a74bbdb1234f308da363226a2854ca3ff8ba7055"
"checksum lazy_static 1.4.0 (registry+https://github.com/rust-lang/crates.io-index)" = "e2abad23fbc42b3700f2f279844dc832adb2b2eb069b2df918f455c4e18cc646"
"checksum libc 0.2.68 (registry+https://github.com/rust-lang/crates.io-index)" = "dea0c0405123bba743ee3f91f49b1c7cfb684eef0da0a50110f758ccf24cdff0"
"checksum log 0.4.8 (registry+https://github.com/rust-lang/crates.io-index)" = "14b6052be84e6b71ab17edffc2eeabf5c2c3ae1fdb464aae35ac50c67a44e1f7"
"checksum num-bigint 0.2.6 (registry+https://github.com/rust-lang/crates.io-index)" = "090c7f9998ee0ff65aa5b723e4009f7b217707f1fb5ea551329cc4d6231fb304"
"checksum num-integer 0.1.42 (registry+https://github.com/rust-lang/crates.io-index)" = "3f6ea62e9d81a77cd3ee9a2a5b9b609447857f3d358704331e4ef39eb247fcba"
"checksum num-traits 0.2.11 (registry+https://github.com/rust-lang/crates.io-index)" = "c62be47e61d1842b9170f0fdeec8eba98e60e90e5446449a0545e5152acd7096"
"checksum proc-macro2 1.0.9 (registry+https://github.com/rust-lang/crates.io-index)" = "6c09721c6781493a2a492a96b5a5bf19b65917fe6728884e7c44dd0c60ca3435"
"checksum quote 1.0.3 (registry+https://github.com/rust-lang/crates.io-index)" = "2bdc6c187c65bca4260c9011c9e3132efe4909da44726bad24cf7572ae338d7f"
"checksum rand 0.6.5 (registry+https://github.com/rust-lang/crates.io-index)" = "6d71dacdc3c88c1fde3885a3be3fbab9f35724e6ce99467f7d9c5026132184ca"
"checksum rand_chacha 0.1.1 (registry+https://github.com/rust-lang/crates.io-index)" = "556d3a1ca6600bfcbab7c7c91ccb085ac7fbbcd70e008a98742e7847f4f7bcef"
"checksum rand_core 0.3.1 (registry+https://github.com/rust-lang/crates.io-index)" = "7a6fdeb83b075e8266dcc8762c22776f6877a63111121f5f8c7411e5be7eed4b"
"checksum rand_core 0.4.2 (registry+https://github.com/rust-lang/crates.io-index)" = "9c33a3c44ca05fa6f1807d8e6743f3824e8509beca625669633be0acbdf509dc"
"checksum rand_hc 0.1.0 (registry+https://github.com/rust-lang/crates.io-index)" = "7b40677c7be09ae76218dc623efbf7b18e34bced3f38883af07bb75630a21bc4"
"checksum rand_isaac 0.1.1 (registry+https://github.com/rust-lang/crates.io-index)" = "ded997c9d5f13925be2a6fd7e66bf1872597f759fd9dd93513dd7e92e5a5ee08"
"checksum rand_jitter 0.1.4 (registry+https://github.com/rust-lang/crates.io-index)" = "1166d5c91dc97b88d1decc3285bb0a99ed84b05cfd0bc2341bdf2d43fc41e39b"
"checksum rand_os 0.1.3 (registry+https://github.com/rust-lang/crates.io-index)" = "7b75f676a1e053fc562eafbb47838d67c84801e38fc1ba459e8f180deabd5071"
"checksum rand_pcg 0.1.2 (registry+https://github.com/rust-lang/crates.io-index)" = "abf9b09b01790cfe0364f52bf32995ea3c39f4d2dd011eac241d2914146d0b44"
"checksum rand_xorshift 0.1.1 (registry+https://github.com/rust-lang/crates.io-index)" = "cbf7e9e623549b0e21f6e97cf8ecf247c1a8fd2e8a992ae265314300b2455d5c"
"checksum rdrand 0.4.0 (registry+https://github.com/rust-lang/crates.io-index)" = "678054eb77286b51581ba43620cc911abf02758c91f93f479767aed0f90458b2"
"checksum redox_syscall 0.1.56 (registry+https://github.com/rust-lang/crates.io-index)" = "2439c63f3f6139d1b57529d16bc3b8bb855230c8efcc5d3a896c8bea7c3b1e84"
"checksum ring 0.16.12 (registry+https://github.com/rust-lang/crates.io-index)" = "1ba5a8ec64ee89a76c98c549af81ff14813df09c3e6dc4766c3856da48597a0c"
"checksum rustls 0.16.0 (registry+https://github.com/rust-lang/crates.io-index)" = "b25a18b1bf7387f0145e7f8324e700805aade3842dd3db2e74e4cdeb4677c09e"
"checksum ryu 1.0.3 (registry+https://github.com/rust-lang/crates.io-index)" = "535622e6be132bccd223f4bb2b8ac8d53cda3c7a6394944d3b2b33fb974f9d76"
"checksum sct 0.6.0 (registry+https://github.com/rust-lang/crates.io-index)" = "e3042af939fca8c3453b7af0f1c66e533a15a86169e39de2657310ade8f98d3c"
"checksum serde 1.0.104 (git+https://github.com/mesalock-linux/serde-sgx?tag=sgx_1.1.0)" = "<none>"
"checksum serde 1.0.106 (registry+https://github.com/rust-lang/crates.io-index)" = "36df6ac6412072f67cf767ebbde4133a5b2e88e76dc6187fa7104cd16f783399"
"checksum serde_derive 1.0.104 (git+https://github.com/mesalock-linux/serde-sgx?tag=sgx_1.1.0)" = "<none>"
"checksum serde_derive 1.0.106 (registry+https://github.com/rust-lang/crates.io-index)" = "9e549e3abf4fb8621bd1609f11dfc9f5e50320802273b12f3811a67e6716ea6c"
"checksum serde_json 1.0.51 (registry+https://github.com/rust-lang/crates.io-index)" = "da07b57ee2623368351e9a0488bb0b261322a15a6e0ae53e243cbdc0f4208da9"
"checksum sgx_alloc 1.1.0 (git+https://github.com/apache/teaclave-sgx-sdk?rev=v1.1.0)" = "<none>"
"checksum sgx_alloc 1.1.1 (registry+https://github.com/rust-lang/crates.io-index)" = "84804a804cb6af05d4cc88c922100c8a118c23a8dd358a058b792b754a0defba"
"checksum sgx_backtrace_sys 1.1.0 (git+https://github.com/apache/teaclave-sgx-sdk?rev=v1.1.0)" = "<none>"
"checksum sgx_backtrace_sys 1.1.1 (registry+https://github.com/rust-lang/crates.io-index)" = "d130c6906fd90640248619b9f30b9978e551d9848dbadd45d5dded534f77fcf8"
"checksum sgx_build_helper 0.1.0 (git+https://github.com/apache/teaclave-sgx-sdk?rev=v1.1.0)" = "<none>"
"checksum sgx_build_helper 0.1.3 (registry+https://github.com/rust-lang/crates.io-index)" = "2554e308f6aacd9198eac74d99fe72dd079c83e2e6de4e1af475bfe352ddb0df"
"checksum sgx_demangle 1.1.0 (git+https://github.com/apache/teaclave-sgx-sdk?rev=v1.1.0)" = "<none>"
"checksum sgx_demangle 1.1.1 (registry+https://github.com/rust-lang/crates.io-index)" = "df2a91c68258d157180f995639dc4f57414447709fbd0acf53ca1afb5fd9c410"
"checksum sgx_libc 1.1.0 (git+https://github.com/apache/teaclave-sgx-sdk?rev=v1.1.0)" = "<none>"
"checksum sgx_libc 1.1.1 (registry+https://github.com/rust-lang/crates.io-index)" = "fee2c4cbe19e311ed879fa44471208cc0dc63ea7eb84cc65c65d3c0e5909242f"
"checksum sgx_rand 1.1.1 (registry+https://github.com/rust-lang/crates.io-index)" = "cc4072d8271d7b7768ddf7e437c353bd4391a2a805a3e8ec3da231c950905aff"
"checksum sgx_tcrypto 1.1.0 (git+https://github.com/apache/teaclave-sgx-sdk?rev=v1.1.0)" = "<none>"
"checksum sgx_tcrypto 1.1.1 (registry+https://github.com/rust-lang/crates.io-index)" = "fab75120c28a11c13f4e9879c6ab9ef1203ba91a59de1d2fbf42b854d10b3bae"
"checksum sgx_tprotected_fs 1.1.0 (git+https://github.com/apache/teaclave-sgx-sdk?rev=v1.1.0)" = "<none>"
"checksum sgx_tprotected_fs 1.1.1 (registry+https://github.com/rust-lang/crates.io-index)" = "639522f180dad519af8ea5e5cc1cffdc84f585030acadb313ad333e27701300d"
"checksum sgx_trts 1.1.0 (git+https://github.com/apache/teaclave-sgx-sdk?rev=v1.1.0)" = "<none>"
"checksum sgx_trts 1.1.1 (registry+https://github.com/rust-lang/crates.io-index)" = "63e3a84fb7cc0151f9c0d83c57dce4a29a9a619b8259e2473cca6b4aba0a94bc"
"checksum sgx_tse 1.1.0 (git+https://github.com/apache/teaclave-sgx-sdk?rev=v1.1.0)" = "<none>"
"checksum sgx_tse 1.1.1 (registry+https://github.com/rust-lang/crates.io-index)" = "6bb1eecaba028749a185674c055d200d622f8cbd27aac302115e66b4935cb4c4"
"checksum sgx_tseal 1.1.0 (git+https://github.com/apache/teaclave-sgx-sdk?rev=v1.1.0)" = "<none>"
"checksum sgx_tstd 1.1.0 (git+https://github.com/apache/teaclave-sgx-sdk?rev=v1.1.0)" = "<none>"
"checksum sgx_tstd 1.1.1 (registry+https://github.com/rust-lang/crates.io-index)" = "5770678ad6b38d4ed7bf01be8e5f450ba60f3e54a3622d9c1a0f8626a744d871"
"checksum sgx_types 1.1.0 (git+https://github.com/apache/teaclave-sgx-sdk?rev=v1.1.0)" = "<none>"
"checksum sgx_types 1.1.1 (registry+https://github.com/rust-lang/crates.io-index)" = "df329127455d6a2964782739218468878770a6dc54cb037b6c9c8846fe09d362"
"checksum sgx_unwind 0.1.0 (git+https://github.com/apache/teaclave-sgx-sdk?rev=v1.1.0)" = "<none>"
"checksum sgx_unwind 0.1.1 (registry+https://github.com/rust-lang/crates.io-index)" = "879db0855ab3c42027670722fc6d9d3d8cc7dc0aa674d0509e585951f6d3b203"
"checksum spin 0.5.2 (registry+https://github.com/rust-lang/crates.io-index)" = "6e63cff320ae2c57904679ba7cb63280a3dc4613885beafb148ee7bf9aa9042d"
"checksum syn 1.0.17 (registry+https://github.com/rust-lang/crates.io-index)" = "0df0eb663f387145cab623dea85b09c2c5b4b0aef44e945d928e682fce71bb03"
"checksum thiserror 1.0.14 (registry+https://github.com/rust-lang/crates.io-index)" = "f0570dc61221295909abdb95c739f2e74325e14293b2026b0a7e195091ec54ae"
"checksum thiserror-impl 1.0.14 (registry+https://github.com/rust-lang/crates.io-index)" = "227362df41d566be41a28f64401e07a043157c21c14b9785a0d8e256f940a8fd"
"checksum time 0.1.42 (registry+https://github.com/rust-lang/crates.io-index)" = "db8dcfca086c1143c9270ac42a2bbd8a7ee477b78ac8e45b19abfb0cbede4b6f"
"checksum toml 0.5.6 (registry+https://github.com/rust-lang/crates.io-index)" = "ffc92d160b1eef40665be3a05630d003936a3bc7da7421277846c2613e92c71a"
"checksum unicode-xid 0.2.0 (registry+https://github.com/rust-lang/crates.io-index)" = "826e7639553986605ec5979c7dd957c7895e93eabed50ab2ffa7f6128a75097c"
"checksum untrusted 0.7.0 (registry+https://github.com/rust-lang/crates.io-index)" = "60369ef7a31de49bcb3f6ca728d4ba7300d9a1658f94c727d4cab8c8d9f4aece"
"checksum uuid 0.7.4 (registry+https://github.com/rust-lang/crates.io-index)" = "90dbc611eb48397705a6b0f6e917da23ae517e4d127123d2cf7674206627d32a"
"checksum wasm-bindgen 0.2.60 (registry+https://github.com/rust-lang/crates.io-index)" = "2cc57ce05287f8376e998cbddfb4c8cb43b84a7ec55cf4551d7c00eef317a47f"
"checksum wasm-bindgen-backend 0.2.60 (registry+https://github.com/rust-lang/crates.io-index)" = "d967d37bf6c16cca2973ca3af071d0a2523392e4a594548155d89a678f4237cd"
"checksum wasm-bindgen-macro 0.2.60 (registry+https://github.com/rust-lang/crates.io-index)" = "8bd151b63e1ea881bb742cd20e1d6127cef28399558f3b5d415289bc41eee3a4"
"checksum wasm-bindgen-macro-support 0.2.60 (registry+https://github.com/rust-lang/crates.io-index)" = "d68a5b36eef1be7868f668632863292e37739656a80fc4b9acec7b0bd35a4931"
"checksum wasm-bindgen-shared 0.2.60 (registry+https://github.com/rust-lang/crates.io-index)" = "daf76fe7d25ac79748a37538b7daeed1c7a6867c92d3245c12c6222e4a20d639"
"checksum web-sys 0.3.37 (registry+https://github.com/rust-lang/crates.io-index)" = "2d6f51648d8c56c366144378a33290049eafdd784071077f6fe37dae64c1c4cb"
"checksum webpki 0.21.2 (registry+https://github.com/rust-lang/crates.io-index)" = "f1f50e1972865d6b1adb54167d1c8ed48606004c2c9d0ea5f1eeb34d95e863ef"
"checksum webpki-roots 0.17.0 (registry+https://github.com/rust-lang/crates.io-index)" = "a262ae37dd9d60f60dd473d1158f9fbebf110ba7b6a5051c8160460f6043718b"
"checksum winapi 0.3.8 (registry+https://github.com/rust-lang/crates.io-index)" = "8093091eeb260906a183e6ae1abdba2ef5ef2257a21801128899c3fc699229c6"
"checksum winapi-i686-pc-windows-gnu 0.4.0 (registry+https://github.com/rust-lang/crates.io-index)" = "ac3b87c63620426dd9b991e5ce0329eff545bccbbb34f3be09ff6fb6ab51b7b6"
"checksum winapi-x86_64-pc-windows-gnu 0.4.0 (registry+https://github.com/rust-lang/crates.io-index)" = "712e227841d057c1ee1cd2fb22fa7e5a5461ae8e48fa2ca79ec42cfc1931183f"
"checksum yasna 0.3.1 (registry+https://github.com/rust-lang/crates.io-index)" = "a563d10ead87e2d798e357d44f40f495ad70bcee4d5c0d3f77a5b1b7376645d9"
