# This file is automatically @generated by Cargo.
# It is not intended for manual editing.
[[package]]
name = "anyhow"
version = "1.0.26"
source = "git+https://github.com/mesalock-linux/anyhow-sgx#8e99caf8d6eb3b7bb097470c7c1160cddb536424"
dependencies = [
 "sgx_tstd 1.1.0 (git+https://github.com/apache/teaclave-sgx-sdk?rev=v1.1.0)",
]

[[package]]
name = "autocfg"
version = "0.1.7"
source = "registry+https://github.com/rust-lang/crates.io-index"

[[package]]
name = "autocfg"
version = "1.0.0"
source = "registry+https://github.com/rust-lang/crates.io-index"

[[package]]
name = "base64"
version = "0.10.1"
source = "git+https://github.com/mesalock-linux/rust-base64-sgx#30ffdbffdc6f6a793bbc2cd4cf12a46fa2559841"
dependencies = [
 "sgx_tstd 1.1.0 (git+https://github.com/apache/teaclave-sgx-sdk?rev=v1.1.0)",
]

[[package]]
name = "bit-vec"
version = "0.6.1"
source = "registry+https://github.com/rust-lang/crates.io-index"

[[package]]
name = "byteorder"
version = "1.3.2"
source = "git+https://github.com/mesalock-linux/byteorder-sgx#5adf7e97097721e8f8ea569806c81b03875384ff"
dependencies = [
 "sgx_tstd 1.1.0 (git+https://github.com/apache/teaclave-sgx-sdk?rev=v1.1.0)",
]

[[package]]
name = "c2-chacha"
version = "0.2.3"
source = "git+https://github.com/mesalock-linux/cryptocorrosion-sgx#fc8604cc70e4e625d54f7f208b65f487405bb685"
dependencies = [
 "byteorder 1.3.2 (git+https://github.com/mesalock-linux/byteorder-sgx)",
 "ppv-lite86 0.2.6 (git+https://github.com/mesalock-linux/cryptocorrosion-sgx)",
 "stream-cipher 0.3.2 (git+https://github.com/mesalock-linux/rustcrypto-traits-sgx)",
]

[[package]]
name = "cc"
version = "1.0.50"
source = "registry+https://github.com/rust-lang/crates.io-index"

[[package]]
name = "cfg-if"
version = "0.1.10"
source = "registry+https://github.com/rust-lang/crates.io-index"

[[package]]
name = "chrono"
version = "0.4.10"
source = "git+https://github.com/mesalock-linux/chrono-sgx#47b54df2b477655211972a415b1e8a9eddf8dfab"
dependencies = [
 "num-integer 0.1.41 (git+https://github.com/mesalock-linux/num-integer-sgx)",
 "num-traits 0.2.10 (git+https://github.com/mesalock-linux/num-traits-sgx)",
 "sgx_tstd 1.1.0 (git+https://github.com/apache/teaclave-sgx-sdk?rev=v1.1.0)",
]

[[package]]
name = "generic-array"
version = "0.12.3"
source = "registry+https://github.com/rust-lang/crates.io-index"
dependencies = [
 "typenum 1.11.2 (registry+https://github.com/rust-lang/crates.io-index)",
]

[[package]]
name = "getrandom"
version = "0.1.14"
source = "git+https://github.com/mesalock-linux/getrandom-sgx.git#2f7976092b64d40aef3d2a5a304e0fa92e2b44f5"
dependencies = [
 "cfg-if 0.1.10 (registry+https://github.com/rust-lang/crates.io-index)",
 "sgx_libc 1.1.0 (git+https://github.com/apache/teaclave-sgx-sdk?rev=v1.1.0)",
 "sgx_trts 1.1.0 (git+https://github.com/apache/teaclave-sgx-sdk?rev=v1.1.0)",
 "sgx_tstd 1.1.0 (git+https://github.com/apache/teaclave-sgx-sdk?rev=v1.1.0)",
]

[[package]]
name = "httparse"
version = "1.3.4"
source = "registry+https://github.com/rust-lang/crates.io-index"

[[package]]
name = "itoa"
version = "0.4.5"
source = "git+https://github.com/mesalock-linux/itoa-sgx.git#48cac59ceea81c9185d9d91a0d85eeecc0dd4e13"
dependencies = [
 "sgx_tstd 1.1.0 (git+https://github.com/apache/teaclave-sgx-sdk?rev=v1.1.0)",
]

[[package]]
name = "log"
version = "0.4.10"
source = "git+https://github.com/mesalock-linux/log-sgx#1f02c0fffc360b9efb6cd319f402c4a2b28d96e7"
dependencies = [
 "cfg-if 0.1.10 (registry+https://github.com/rust-lang/crates.io-index)",
 "sgx_tstd 1.1.0 (git+https://github.com/apache/teaclave-sgx-sdk?rev=v1.1.0)",
]

[[package]]
name = "num-bigint"
version = "0.2.5"
source = "git+https://github.com/mesalock-linux/num-bigint-sgx#f1e9f8f40a02061c92346ab88f7fa4a953c7a109"
dependencies = [
 "autocfg 1.0.0 (registry+https://github.com/rust-lang/crates.io-index)",
 "num-integer 0.1.41 (git+https://github.com/mesalock-linux/num-integer-sgx)",
 "num-traits 0.2.10 (git+https://github.com/mesalock-linux/num-traits-sgx)",
 "sgx_tstd 1.1.0 (git+https://github.com/apache/teaclave-sgx-sdk?rev=v1.1.0)",
]

[[package]]
name = "num-integer"
version = "0.1.41"
source = "git+https://github.com/mesalock-linux/num-integer-sgx#83a8eb4ef29fd64d8a1c319b0fe0f295372205e3"
dependencies = [
 "autocfg 0.1.7 (registry+https://github.com/rust-lang/crates.io-index)",
 "num-traits 0.2.10 (git+https://github.com/mesalock-linux/num-traits-sgx)",
 "sgx_tstd 1.1.0 (git+https://github.com/apache/teaclave-sgx-sdk?rev=v1.1.0)",
]

[[package]]
name = "num-traits"
version = "0.2.10"
source = "git+https://github.com/mesalock-linux/num-traits-sgx#34a83e2bf71c99910b4bff3028efbb37a9922a48"
dependencies = [
 "autocfg 0.1.7 (registry+https://github.com/rust-lang/crates.io-index)",
 "sgx_tstd 1.1.0 (git+https://github.com/apache/teaclave-sgx-sdk?rev=v1.1.0)",
]

[[package]]
name = "ppv-lite86"
version = "0.2.6"
source = "git+https://github.com/mesalock-linux/cryptocorrosion-sgx#fc8604cc70e4e625d54f7f208b65f487405bb685"

[[package]]
name = "proc-macro2"
version = "1.0.9"
source = "registry+https://github.com/rust-lang/crates.io-index"
dependencies = [
 "unicode-xid 0.2.0 (registry+https://github.com/rust-lang/crates.io-index)",
]

[[package]]
name = "quote"
version = "1.0.3"
source = "registry+https://github.com/rust-lang/crates.io-index"
dependencies = [
 "proc-macro2 1.0.9 (registry+https://github.com/rust-lang/crates.io-index)",
]

[[package]]
name = "rand"
version = "0.7.3"
source = "git+https://github.com/mesalock-linux/rand-sgx?tag=v0.6.5_sgx1.1.0#e7e72f1eb70e22329bd8fa00e749d60d4777f7f0"
dependencies = [
 "getrandom 0.1.14 (git+https://github.com/mesalock-linux/getrandom-sgx.git)",
 "rand_chacha 0.2.1 (git+https://github.com/mesalock-linux/rand-sgx?tag=v0.6.5_sgx1.1.0)",
 "rand_core 0.5.1 (git+https://github.com/mesalock-linux/rand-sgx?tag=v0.6.5_sgx1.1.0)",
 "sgx_tstd 1.1.0 (git+https://github.com/apache/teaclave-sgx-sdk?rev=v1.1.0)",
]

[[package]]
name = "rand_chacha"
version = "0.2.1"
source = "git+https://github.com/mesalock-linux/rand-sgx?tag=v0.6.5_sgx1.1.0#e7e72f1eb70e22329bd8fa00e749d60d4777f7f0"
dependencies = [
 "c2-chacha 0.2.3 (git+https://github.com/mesalock-linux/cryptocorrosion-sgx)",
 "rand_core 0.5.1 (git+https://github.com/mesalock-linux/rand-sgx?tag=v0.6.5_sgx1.1.0)",
 "sgx_tstd 1.1.0 (git+https://github.com/apache/teaclave-sgx-sdk?rev=v1.1.0)",
]

[[package]]
name = "rand_core"
version = "0.5.1"
source = "git+https://github.com/mesalock-linux/rand-sgx?tag=v0.6.5_sgx1.1.0#e7e72f1eb70e22329bd8fa00e749d60d4777f7f0"
dependencies = [
 "getrandom 0.1.14 (git+https://github.com/mesalock-linux/getrandom-sgx.git)",
 "sgx_tstd 1.1.0 (git+https://github.com/apache/teaclave-sgx-sdk?rev=v1.1.0)",
]

[[package]]
name = "ring"
version = "0.16.11"
source = "git+https://github.com/mesalock-linux/ring-sgx?tag=v0.16.5#3b826c97624b54f0a24bbcd277ea49dadf73a64c"
dependencies = [
 "cc 1.0.50 (registry+https://github.com/rust-lang/crates.io-index)",
 "sgx_tstd 1.1.0 (git+https://github.com/apache/teaclave-sgx-sdk?rev=v1.1.0)",
 "spin 0.5.2 (registry+https://github.com/rust-lang/crates.io-index)",
 "untrusted 0.7.0 (registry+https://github.com/rust-lang/crates.io-index)",
]

[[package]]
name = "rustls"
version = "0.16.0"
source = "git+https://github.com/mesalock-linux/rustls?branch=mesalock_sgx-client-cert-verifier-patch#7d25f9268011bf86f5219e9240ca296f0ec97b9a"
dependencies = [
 "base64 0.10.1 (git+https://github.com/mesalock-linux/rust-base64-sgx)",
 "log 0.4.10 (git+https://github.com/mesalock-linux/log-sgx)",
 "ring 0.16.11 (git+https://github.com/mesalock-linux/ring-sgx?tag=v0.16.5)",
 "sct 0.6.0 (git+https://github.com/mesalock-linux/sct.rs?branch=mesalock_sgx)",
 "sgx_tstd 1.1.0 (git+https://github.com/apache/teaclave-sgx-sdk?rev=v1.1.0)",
 "webpki 0.21.2 (git+https://github.com/mesalock-linux/webpki?branch=mesalock_sgx)",
]

[[package]]
name = "ryu"
version = "1.0.3"
source = "registry+https://github.com/rust-lang/crates.io-index"

[[package]]
name = "sct"
version = "0.6.0"
source = "git+https://github.com/mesalock-linux/sct.rs?branch=mesalock_sgx#606162b2e7319e57ac39958eec74db117e373c1c"
dependencies = [
 "ring 0.16.11 (git+https://github.com/mesalock-linux/ring-sgx?tag=v0.16.5)",
 "sgx_tstd 1.1.0 (git+https://github.com/apache/teaclave-sgx-sdk?rev=v1.1.0)",
 "untrusted 0.7.0 (registry+https://github.com/rust-lang/crates.io-index)",
]

[[package]]
name = "serde"
version = "1.0.104"
source = "git+https://github.com/mesalock-linux/serde-sgx#c945ac9aeb23dc799070f3afaf590a6c3ac2c1a2"
dependencies = [
 "sgx_tstd 1.1.0 (git+https://github.com/apache/teaclave-sgx-sdk?rev=v1.1.0)",
]

[[package]]
name = "serde_derive"
version = "1.0.104"
source = "git+https://github.com/mesalock-linux/serde-sgx#c945ac9aeb23dc799070f3afaf590a6c3ac2c1a2"
dependencies = [
 "proc-macro2 1.0.9 (registry+https://github.com/rust-lang/crates.io-index)",
 "quote 1.0.3 (registry+https://github.com/rust-lang/crates.io-index)",
 "syn 1.0.16 (registry+https://github.com/rust-lang/crates.io-index)",
]

[[package]]
name = "serde_json"
version = "1.0.40"
source = "git+https://github.com/mesalock-linux/serde-json-sgx#c0a62f63fafdfbbbd5b89a6ad517373b93ccd41f"
dependencies = [
 "itoa 0.4.5 (git+https://github.com/mesalock-linux/itoa-sgx.git)",
 "ryu 1.0.3 (registry+https://github.com/rust-lang/crates.io-index)",
 "serde 1.0.104 (git+https://github.com/mesalock-linux/serde-sgx)",
 "sgx_tstd 1.1.0 (git+https://github.com/apache/teaclave-sgx-sdk?rev=v1.1.0)",
]

[[package]]
name = "sgx_alloc"
version = "1.1.0"
source = "git+https://github.com/apache/teaclave-sgx-sdk?rev=v1.1.0#71a88b647bb76a16cbc5c3e29403e2afb67f82fd"

[[package]]
name = "sgx_backtrace_sys"
version = "1.1.0"
source = "git+https://github.com/apache/teaclave-sgx-sdk?rev=v1.1.0#71a88b647bb76a16cbc5c3e29403e2afb67f82fd"
dependencies = [
 "cc 1.0.50 (registry+https://github.com/rust-lang/crates.io-index)",
 "sgx_build_helper 0.1.0 (git+https://github.com/apache/teaclave-sgx-sdk?rev=v1.1.0)",
 "sgx_libc 1.1.0 (git+https://github.com/apache/teaclave-sgx-sdk?rev=v1.1.0)",
]

[[package]]
name = "sgx_build_helper"
version = "0.1.0"
source = "git+https://github.com/apache/teaclave-sgx-sdk?rev=v1.1.0#71a88b647bb76a16cbc5c3e29403e2afb67f82fd"

[[package]]
name = "sgx_demangle"
version = "1.1.0"
source = "git+https://github.com/apache/teaclave-sgx-sdk?rev=v1.1.0#71a88b647bb76a16cbc5c3e29403e2afb67f82fd"

[[package]]
name = "sgx_libc"
version = "1.1.0"
source = "git+https://github.com/apache/teaclave-sgx-sdk?rev=v1.1.0#71a88b647bb76a16cbc5c3e29403e2afb67f82fd"
dependencies = [
 "sgx_types 1.1.0 (git+https://github.com/apache/teaclave-sgx-sdk?rev=v1.1.0)",
]

[[package]]
name = "sgx_rand"
version = "1.1.0"
source = "git+https://github.com/apache/teaclave-sgx-sdk?rev=v1.1.0#71a88b647bb76a16cbc5c3e29403e2afb67f82fd"
dependencies = [
 "sgx_trts 1.1.0 (git+https://github.com/apache/teaclave-sgx-sdk?rev=v1.1.0)",
 "sgx_tstd 1.1.0 (git+https://github.com/apache/teaclave-sgx-sdk?rev=v1.1.0)",
 "sgx_types 1.1.0 (git+https://github.com/apache/teaclave-sgx-sdk?rev=v1.1.0)",
]

[[package]]
name = "sgx_tcrypto"
version = "1.1.0"
source = "git+https://github.com/apache/teaclave-sgx-sdk?rev=v1.1.0#71a88b647bb76a16cbc5c3e29403e2afb67f82fd"
dependencies = [
 "sgx_types 1.1.0 (git+https://github.com/apache/teaclave-sgx-sdk?rev=v1.1.0)",
]

[[package]]
name = "sgx_tprotected_fs"
version = "1.1.0"
source = "git+https://github.com/apache/teaclave-sgx-sdk?rev=v1.1.0#71a88b647bb76a16cbc5c3e29403e2afb67f82fd"
dependencies = [
 "sgx_trts 1.1.0 (git+https://github.com/apache/teaclave-sgx-sdk?rev=v1.1.0)",
 "sgx_types 1.1.0 (git+https://github.com/apache/teaclave-sgx-sdk?rev=v1.1.0)",
]

[[package]]
name = "sgx_trts"
version = "1.1.0"
source = "git+https://github.com/apache/teaclave-sgx-sdk?rev=v1.1.0#71a88b647bb76a16cbc5c3e29403e2afb67f82fd"
dependencies = [
 "sgx_libc 1.1.0 (git+https://github.com/apache/teaclave-sgx-sdk?rev=v1.1.0)",
 "sgx_types 1.1.0 (git+https://github.com/apache/teaclave-sgx-sdk?rev=v1.1.0)",
]

[[package]]
name = "sgx_tse"
version = "1.1.0"
source = "git+https://github.com/apache/teaclave-sgx-sdk?rev=v1.1.0#71a88b647bb76a16cbc5c3e29403e2afb67f82fd"
dependencies = [
 "sgx_types 1.1.0 (git+https://github.com/apache/teaclave-sgx-sdk?rev=v1.1.0)",
]

[[package]]
name = "sgx_tseal"
version = "1.1.0"
source = "git+https://github.com/apache/teaclave-sgx-sdk?rev=v1.1.0#71a88b647bb76a16cbc5c3e29403e2afb67f82fd"
dependencies = [
 "sgx_tcrypto 1.1.0 (git+https://github.com/apache/teaclave-sgx-sdk?rev=v1.1.0)",
 "sgx_trts 1.1.0 (git+https://github.com/apache/teaclave-sgx-sdk?rev=v1.1.0)",
 "sgx_tse 1.1.0 (git+https://github.com/apache/teaclave-sgx-sdk?rev=v1.1.0)",
 "sgx_types 1.1.0 (git+https://github.com/apache/teaclave-sgx-sdk?rev=v1.1.0)",
]

[[package]]
name = "sgx_tstd"
version = "1.1.0"
source = "git+https://github.com/apache/teaclave-sgx-sdk?rev=v1.1.0#71a88b647bb76a16cbc5c3e29403e2afb67f82fd"
dependencies = [
 "sgx_alloc 1.1.0 (git+https://github.com/apache/teaclave-sgx-sdk?rev=v1.1.0)",
 "sgx_backtrace_sys 1.1.0 (git+https://github.com/apache/teaclave-sgx-sdk?rev=v1.1.0)",
 "sgx_demangle 1.1.0 (git+https://github.com/apache/teaclave-sgx-sdk?rev=v1.1.0)",
 "sgx_libc 1.1.0 (git+https://github.com/apache/teaclave-sgx-sdk?rev=v1.1.0)",
 "sgx_tprotected_fs 1.1.0 (git+https://github.com/apache/teaclave-sgx-sdk?rev=v1.1.0)",
 "sgx_trts 1.1.0 (git+https://github.com/apache/teaclave-sgx-sdk?rev=v1.1.0)",
 "sgx_tseal 1.1.0 (git+https://github.com/apache/teaclave-sgx-sdk?rev=v1.1.0)",
 "sgx_types 1.1.0 (git+https://github.com/apache/teaclave-sgx-sdk?rev=v1.1.0)",
 "sgx_unwind 0.1.0 (git+https://github.com/apache/teaclave-sgx-sdk?rev=v1.1.0)",
]

[[package]]
name = "sgx_types"
version = "1.1.0"
source = "git+https://github.com/apache/teaclave-sgx-sdk?rev=v1.1.0#71a88b647bb76a16cbc5c3e29403e2afb67f82fd"

[[package]]
name = "sgx_unwind"
version = "0.1.0"
source = "git+https://github.com/apache/teaclave-sgx-sdk?rev=v1.1.0#71a88b647bb76a16cbc5c3e29403e2afb67f82fd"
dependencies = [
 "sgx_build_helper 0.1.0 (git+https://github.com/apache/teaclave-sgx-sdk?rev=v1.1.0)",
]

[[package]]
name = "spin"
version = "0.5.2"
source = "registry+https://github.com/rust-lang/crates.io-index"

[[package]]
name = "stream-cipher"
version = "0.3.2"
source = "git+https://github.com/mesalock-linux/rustcrypto-traits-sgx#52152b8d29c6bf289a49a2d2716851915abce0c3"
dependencies = [
 "generic-array 0.12.3 (registry+https://github.com/rust-lang/crates.io-index)",
]

[[package]]
name = "syn"
version = "1.0.16"
source = "registry+https://github.com/rust-lang/crates.io-index"
dependencies = [
 "proc-macro2 1.0.9 (registry+https://github.com/rust-lang/crates.io-index)",
 "quote 1.0.3 (registry+https://github.com/rust-lang/crates.io-index)",
 "unicode-xid 0.2.0 (registry+https://github.com/rust-lang/crates.io-index)",
]

[[package]]
name = "teaclave_attestation"
version = "0.1.0"
dependencies = [
 "anyhow 1.0.26 (git+https://github.com/mesalock-linux/anyhow-sgx)",
 "base64 0.10.1 (git+https://github.com/mesalock-linux/rust-base64-sgx)",
 "bit-vec 0.6.1 (registry+https://github.com/rust-lang/crates.io-index)",
 "cfg-if 0.1.10 (registry+https://github.com/rust-lang/crates.io-index)",
 "chrono 0.4.10 (git+https://github.com/mesalock-linux/chrono-sgx)",
 "httparse 1.3.4 (registry+https://github.com/rust-lang/crates.io-index)",
 "log 0.4.10 (git+https://github.com/mesalock-linux/log-sgx)",
 "num-bigint 0.2.5 (git+https://github.com/mesalock-linux/num-bigint-sgx)",
 "rustls 0.16.0 (git+https://github.com/mesalock-linux/rustls?branch=mesalock_sgx-client-cert-verifier-patch)",
 "serde 1.0.104 (git+https://github.com/mesalock-linux/serde-sgx)",
 "serde_derive 1.0.104 (git+https://github.com/mesalock-linux/serde-sgx)",
 "serde_json 1.0.40 (git+https://github.com/mesalock-linux/serde-json-sgx)",
 "sgx_rand 1.1.0 (git+https://github.com/apache/teaclave-sgx-sdk?rev=v1.1.0)",
 "sgx_tcrypto 1.1.0 (git+https://github.com/apache/teaclave-sgx-sdk?rev=v1.1.0)",
 "sgx_tse 1.1.0 (git+https://github.com/apache/teaclave-sgx-sdk?rev=v1.1.0)",
 "sgx_tstd 1.1.0 (git+https://github.com/apache/teaclave-sgx-sdk?rev=v1.1.0)",
 "sgx_types 1.1.0 (git+https://github.com/apache/teaclave-sgx-sdk?rev=v1.1.0)",
 "teaclave_utils 0.1.0",
 "thiserror 1.0.9 (git+https://github.com/mesalock-linux/thiserror-sgx)",
 "uuid 0.8.1 (git+https://github.com/mesalock-linux/uuid-sgx)",
 "webpki 0.21.2 (git+https://github.com/mesalock-linux/webpki?branch=mesalock_sgx)",
 "webpki-roots 0.19.0 (git+https://github.com/mesalock-linux/webpki-roots?branch=mesalock_sgx)",
 "yasna 0.3.1 (git+https://github.com/mesalock-linux/yasna.rs-sgx)",
]

[[package]]
name = "teaclave_utils"
version = "0.1.0"
dependencies = [
 "ring 0.16.11 (git+https://github.com/mesalock-linux/ring-sgx?tag=v0.16.5)",
 "serde 1.0.104 (git+https://github.com/mesalock-linux/serde-sgx)",
 "serde_derive 1.0.104 (git+https://github.com/mesalock-linux/serde-sgx)",
 "sgx_tstd 1.1.0 (git+https://github.com/apache/teaclave-sgx-sdk?rev=v1.1.0)",
 "sgx_types 1.1.0 (git+https://github.com/apache/teaclave-sgx-sdk?rev=v1.1.0)",
 "toml 0.5.3 (git+https://github.com/mesalock-linux/toml-rs-sgx)",
]

[[package]]
name = "thiserror"
version = "1.0.9"
source = "git+https://github.com/mesalock-linux/thiserror-sgx#5869b9b1032390ceb73d77ff64f7b7bdd9dacf29"
dependencies = [
 "sgx_tstd 1.1.0 (git+https://github.com/apache/teaclave-sgx-sdk?rev=v1.1.0)",
 "thiserror-impl 1.0.9 (git+https://github.com/mesalock-linux/thiserror-sgx)",
]

[[package]]
name = "thiserror-impl"
version = "1.0.9"
source = "git+https://github.com/mesalock-linux/thiserror-sgx#5869b9b1032390ceb73d77ff64f7b7bdd9dacf29"
dependencies = [
 "proc-macro2 1.0.9 (registry+https://github.com/rust-lang/crates.io-index)",
 "quote 1.0.3 (registry+https://github.com/rust-lang/crates.io-index)",
 "syn 1.0.16 (registry+https://github.com/rust-lang/crates.io-index)",
]

[[package]]
name = "toml"
version = "0.5.3"
source = "git+https://github.com/mesalock-linux/toml-rs-sgx#75cbb996001545c56e8cbbb0240a92ca91ca71e2"
dependencies = [
 "serde 1.0.104 (git+https://github.com/mesalock-linux/serde-sgx)",
 "sgx_tstd 1.1.0 (git+https://github.com/apache/teaclave-sgx-sdk?rev=v1.1.0)",
]

[[package]]
name = "typenum"
version = "1.11.2"
source = "registry+https://github.com/rust-lang/crates.io-index"

[[package]]
name = "unicode-xid"
version = "0.2.0"
source = "registry+https://github.com/rust-lang/crates.io-index"

[[package]]
name = "untrusted"
version = "0.7.0"
source = "registry+https://github.com/rust-lang/crates.io-index"

[[package]]
name = "uuid"
version = "0.8.1"
source = "git+https://github.com/mesalock-linux/uuid-sgx#d64b2c78bf2b8a123c5ce9a6ef797fd91a014119"
dependencies = [
 "rand 0.7.3 (git+https://github.com/mesalock-linux/rand-sgx?tag=v0.6.5_sgx1.1.0)",
 "sgx_tstd 1.1.0 (git+https://github.com/apache/teaclave-sgx-sdk?rev=v1.1.0)",
]

[[package]]
name = "webpki"
version = "0.21.2"
source = "git+https://github.com/mesalock-linux/webpki?branch=mesalock_sgx#3140b375263232fdb7d64d6a368204e8d1289c28"
dependencies = [
 "ring 0.16.11 (git+https://github.com/mesalock-linux/ring-sgx?tag=v0.16.5)",
 "sgx_tstd 1.1.0 (git+https://github.com/apache/teaclave-sgx-sdk?rev=v1.1.0)",
 "untrusted 0.7.0 (registry+https://github.com/rust-lang/crates.io-index)",
]

[[package]]
name = "webpki-roots"
version = "0.19.0"
source = "git+https://github.com/mesalock-linux/webpki-roots?branch=mesalock_sgx#3cdd237236e702e3bc93c960ca48cdfb42bec899"
dependencies = [
 "sgx_tstd 1.1.0 (git+https://github.com/apache/teaclave-sgx-sdk?rev=v1.1.0)",
 "webpki 0.21.2 (git+https://github.com/mesalock-linux/webpki?branch=mesalock_sgx)",
]

[[package]]
name = "yasna"
version = "0.3.1"
source = "git+https://github.com/mesalock-linux/yasna.rs-sgx#a7b9bf193c7335be62151c714eb3ca9cf91ab269"
dependencies = [
 "bit-vec 0.6.1 (registry+https://github.com/rust-lang/crates.io-index)",
 "chrono 0.4.10 (git+https://github.com/mesalock-linux/chrono-sgx)",
 "num-bigint 0.2.5 (git+https://github.com/mesalock-linux/num-bigint-sgx)",
 "sgx_tstd 1.1.0 (git+https://github.com/apache/teaclave-sgx-sdk?rev=v1.1.0)",
]

[metadata]
"checksum anyhow 1.0.26 (git+https://github.com/mesalock-linux/anyhow-sgx)" = "<none>"
"checksum autocfg 0.1.7 (registry+https://github.com/rust-lang/crates.io-index)" = "1d49d90015b3c36167a20fe2810c5cd875ad504b39cff3d4eae7977e6b7c1cb2"
"checksum autocfg 1.0.0 (registry+https://github.com/rust-lang/crates.io-index)" = "f8aac770f1885fd7e387acedd76065302551364496e46b3dd00860b2f8359b9d"
"checksum base64 0.10.1 (git+https://github.com/mesalock-linux/rust-base64-sgx)" = "<none>"
"checksum bit-vec 0.6.1 (registry+https://github.com/rust-lang/crates.io-index)" = "a4523a10839ffae575fb08aa3423026c8cb4687eef43952afb956229d4f246f7"
"checksum byteorder 1.3.2 (git+https://github.com/mesalock-linux/byteorder-sgx)" = "<none>"
"checksum c2-chacha 0.2.3 (git+https://github.com/mesalock-linux/cryptocorrosion-sgx)" = "<none>"
"checksum cc 1.0.50 (registry+https://github.com/rust-lang/crates.io-index)" = "95e28fa049fda1c330bcf9d723be7663a899c4679724b34c81e9f5a326aab8cd"
"checksum cfg-if 0.1.10 (registry+https://github.com/rust-lang/crates.io-index)" = "4785bdd1c96b2a846b2bd7cc02e86b6b3dbf14e7e53446c4f54c92a361040822"
"checksum chrono 0.4.10 (git+https://github.com/mesalock-linux/chrono-sgx)" = "<none>"
"checksum generic-array 0.12.3 (registry+https://github.com/rust-lang/crates.io-index)" = "c68f0274ae0e023facc3c97b2e00f076be70e254bc851d972503b328db79b2ec"
"checksum getrandom 0.1.14 (git+https://github.com/mesalock-linux/getrandom-sgx.git)" = "<none>"
"checksum httparse 1.3.4 (registry+https://github.com/rust-lang/crates.io-index)" = "cd179ae861f0c2e53da70d892f5f3029f9594be0c41dc5269cd371691b1dc2f9"
"checksum itoa 0.4.5 (git+https://github.com/mesalock-linux/itoa-sgx.git)" = "<none>"
"checksum log 0.4.10 (git+https://github.com/mesalock-linux/log-sgx)" = "<none>"
"checksum num-bigint 0.2.5 (git+https://github.com/mesalock-linux/num-bigint-sgx)" = "<none>"
"checksum num-integer 0.1.41 (git+https://github.com/mesalock-linux/num-integer-sgx)" = "<none>"
"checksum num-traits 0.2.10 (git+https://github.com/mesalock-linux/num-traits-sgx)" = "<none>"
"checksum ppv-lite86 0.2.6 (git+https://github.com/mesalock-linux/cryptocorrosion-sgx)" = "<none>"
"checksum proc-macro2 1.0.9 (registry+https://github.com/rust-lang/crates.io-index)" = "6c09721c6781493a2a492a96b5a5bf19b65917fe6728884e7c44dd0c60ca3435"
"checksum quote 1.0.3 (registry+https://github.com/rust-lang/crates.io-index)" = "2bdc6c187c65bca4260c9011c9e3132efe4909da44726bad24cf7572ae338d7f"
"checksum rand 0.7.3 (git+https://github.com/mesalock-linux/rand-sgx?tag=v0.6.5_sgx1.1.0)" = "<none>"
"checksum rand_chacha 0.2.1 (git+https://github.com/mesalock-linux/rand-sgx?tag=v0.6.5_sgx1.1.0)" = "<none>"
"checksum rand_core 0.5.1 (git+https://github.com/mesalock-linux/rand-sgx?tag=v0.6.5_sgx1.1.0)" = "<none>"
"checksum ring 0.16.11 (git+https://github.com/mesalock-linux/ring-sgx?tag=v0.16.5)" = "<none>"
"checksum rustls 0.16.0 (git+https://github.com/mesalock-linux/rustls?branch=mesalock_sgx-client-cert-verifier-patch)" = "<none>"
"checksum ryu 1.0.3 (registry+https://github.com/rust-lang/crates.io-index)" = "535622e6be132bccd223f4bb2b8ac8d53cda3c7a6394944d3b2b33fb974f9d76"
"checksum sct 0.6.0 (git+https://github.com/mesalock-linux/sct.rs?branch=mesalock_sgx)" = "<none>"
"checksum serde 1.0.104 (git+https://github.com/mesalock-linux/serde-sgx)" = "<none>"
"checksum serde_derive 1.0.104 (git+https://github.com/mesalock-linux/serde-sgx)" = "<none>"
"checksum serde_json 1.0.40 (git+https://github.com/mesalock-linux/serde-json-sgx)" = "<none>"
"checksum sgx_alloc 1.1.0 (git+https://github.com/apache/teaclave-sgx-sdk?rev=v1.1.0)" = "<none>"
"checksum sgx_backtrace_sys 1.1.0 (git+https://github.com/apache/teaclave-sgx-sdk?rev=v1.1.0)" = "<none>"
"checksum sgx_build_helper 0.1.0 (git+https://github.com/apache/teaclave-sgx-sdk?rev=v1.1.0)" = "<none>"
"checksum sgx_demangle 1.1.0 (git+https://github.com/apache/teaclave-sgx-sdk?rev=v1.1.0)" = "<none>"
"checksum sgx_libc 1.1.0 (git+https://github.com/apache/teaclave-sgx-sdk?rev=v1.1.0)" = "<none>"
"checksum sgx_rand 1.1.0 (git+https://github.com/apache/teaclave-sgx-sdk?rev=v1.1.0)" = "<none>"
"checksum sgx_tcrypto 1.1.0 (git+https://github.com/apache/teaclave-sgx-sdk?rev=v1.1.0)" = "<none>"
"checksum sgx_tprotected_fs 1.1.0 (git+https://github.com/apache/teaclave-sgx-sdk?rev=v1.1.0)" = "<none>"
"checksum sgx_trts 1.1.0 (git+https://github.com/apache/teaclave-sgx-sdk?rev=v1.1.0)" = "<none>"
"checksum sgx_tse 1.1.0 (git+https://github.com/apache/teaclave-sgx-sdk?rev=v1.1.0)" = "<none>"
"checksum sgx_tseal 1.1.0 (git+https://github.com/apache/teaclave-sgx-sdk?rev=v1.1.0)" = "<none>"
"checksum sgx_tstd 1.1.0 (git+https://github.com/apache/teaclave-sgx-sdk?rev=v1.1.0)" = "<none>"
"checksum sgx_types 1.1.0 (git+https://github.com/apache/teaclave-sgx-sdk?rev=v1.1.0)" = "<none>"
"checksum sgx_unwind 0.1.0 (git+https://github.com/apache/teaclave-sgx-sdk?rev=v1.1.0)" = "<none>"
"checksum spin 0.5.2 (registry+https://github.com/rust-lang/crates.io-index)" = "6e63cff320ae2c57904679ba7cb63280a3dc4613885beafb148ee7bf9aa9042d"
"checksum stream-cipher 0.3.2 (git+https://github.com/mesalock-linux/rustcrypto-traits-sgx)" = "<none>"
"checksum syn 1.0.16 (registry+https://github.com/rust-lang/crates.io-index)" = "123bd9499cfb380418d509322d7a6d52e5315f064fe4b3ad18a53d6b92c07859"
"checksum thiserror 1.0.9 (git+https://github.com/mesalock-linux/thiserror-sgx)" = "<none>"
"checksum thiserror-impl 1.0.9 (git+https://github.com/mesalock-linux/thiserror-sgx)" = "<none>"
"checksum toml 0.5.3 (git+https://github.com/mesalock-linux/toml-rs-sgx)" = "<none>"
"checksum typenum 1.11.2 (registry+https://github.com/rust-lang/crates.io-index)" = "6d2783fe2d6b8c1101136184eb41be8b1ad379e4657050b8aaff0c79ee7575f9"
"checksum unicode-xid 0.2.0 (registry+https://github.com/rust-lang/crates.io-index)" = "826e7639553986605ec5979c7dd957c7895e93eabed50ab2ffa7f6128a75097c"
"checksum untrusted 0.7.0 (registry+https://github.com/rust-lang/crates.io-index)" = "60369ef7a31de49bcb3f6ca728d4ba7300d9a1658f94c727d4cab8c8d9f4aece"
"checksum uuid 0.8.1 (git+https://github.com/mesalock-linux/uuid-sgx)" = "<none>"
"checksum webpki 0.21.2 (git+https://github.com/mesalock-linux/webpki?branch=mesalock_sgx)" = "<none>"
"checksum webpki-roots 0.19.0 (git+https://github.com/mesalock-linux/webpki-roots?branch=mesalock_sgx)" = "<none>"
"checksum yasna 0.3.1 (git+https://github.com/mesalock-linux/yasna.rs-sgx)" = "<none>"
