# This file is automatically @generated by Cargo.
# It is not intended for manual editing.
[[package]]
name = "aho-corasick"
version = "0.7.6"
dependencies = [
 "memchr 2.2.1 (git+https://github.com/mesalock-linux/rust-memchr-sgx?tag=sgx_1.1.0)",
 "sgx_tstd 1.1.0 (git+https://github.com/apache/teaclave-sgx-sdk?rev=v1.1.0)",
]

[[package]]
name = "anyhow"
version = "1.0.26"
source = "git+https://github.com/mesalock-linux/anyhow-sgx?tag=sgx_1.1.0#8e99caf8d6eb3b7bb097470c7c1160cddb536424"
dependencies = [
 "sgx_tstd 1.1.0 (git+https://github.com/apache/teaclave-sgx-sdk?rev=v1.1.0)",
]

[[package]]
name = "anyhow"
version = "1.0.26"
source = "git+https://github.com/mesalock-linux/anyhow-sgx#6e184aa251e493959e7ba88cae17c6eb289f6ff6"

[[package]]
name = "autocfg"
version = "0.1.7"
source = "registry+https://github.com/rust-lang/crates.io-index"

[[package]]
name = "autocfg"
version = "1.0.0"
source = "registry+https://github.com/rust-lang/crates.io-index"

[[package]]
name = "base64"
version = "0.10.1"
source = "git+https://github.com/mesalock-linux/rust-base64-sgx?tag=sgx_1.1.0#30ffdbffdc6f6a793bbc2cd4cf12a46fa2559841"
dependencies = [
 "sgx_tstd 1.1.0 (git+https://github.com/apache/teaclave-sgx-sdk?rev=v1.1.0)",
]

[[package]]
name = "bit-vec"
version = "0.6.1"
source = "registry+https://github.com/rust-lang/crates.io-index"

[[package]]
name = "byteorder"
version = "1.3.2"
source = "git+https://github.com/mesalock-linux/byteorder-sgx?tag=sgx_1.1.0#5adf7e97097721e8f8ea569806c81b03875384ff"
dependencies = [
 "sgx_tstd 1.1.0 (git+https://github.com/apache/teaclave-sgx-sdk?rev=v1.1.0)",
]

[[package]]
name = "bytes"
version = "0.5.4"
source = "git+https://github.com/mesalock-linux/bytes-sgx?tag=sgx_1.1.0#abe0b769b4d1b1caf1994c3bf9b1946e53c55e29"
dependencies = [
 "sgx_tstd 1.1.0 (git+https://github.com/apache/teaclave-sgx-sdk?rev=v1.1.0)",
]

[[package]]
name = "c2-chacha"
version = "0.2.3"
dependencies = [
 "byteorder 1.3.2 (git+https://github.com/mesalock-linux/byteorder-sgx?tag=sgx_1.1.0)",
 "ppv-lite86 0.2.6 (git+https://github.com/mesalock-linux/cryptocorrosion-sgx?tag=sgx_1.1.0)",
 "stream-cipher 0.3.2 (git+https://github.com/mesalock-linux/rustcrypto-traits-sgx?tag=sgx_1.1.0)",
]

[[package]]
name = "cc"
version = "1.0.50"
source = "registry+https://github.com/rust-lang/crates.io-index"

[[package]]
name = "cfg-if"
version = "0.1.10"
source = "registry+https://github.com/rust-lang/crates.io-index"

[[package]]
name = "chrono"
version = "0.4.10"
dependencies = [
 "num-integer 0.1.41",
 "num-traits 0.2.10 (git+https://github.com/mesalock-linux/num-traits-sgx?tag=sgx_1.1.0)",
 "sgx_tstd 1.1.0 (git+https://github.com/apache/teaclave-sgx-sdk?rev=v1.1.0)",
]

[[package]]
name = "either"
version = "1.5.3"
source = "registry+https://github.com/rust-lang/crates.io-index"

[[package]]
name = "env_logger"
version = "0.7.1"
dependencies = [
 "humantime 1.3.0 (git+https://github.com/mesalock-linux/humantime-sgx?tag=sgx_1.1.0)",
 "log 0.4.10 (git+https://github.com/mesalock-linux/log-sgx?tag=sgx_1.1.0)",
 "regex 1.3.1",
 "sgx_tstd 1.1.0 (git+https://github.com/apache/teaclave-sgx-sdk?rev=v1.1.0)",
 "termcolor 1.0.5 (git+https://github.com/mesalock-linux/termcolor-sgx?tag=sgx_1.1.0)",
]

[[package]]
name = "generic-array"
version = "0.12.3"
source = "registry+https://github.com/rust-lang/crates.io-index"
dependencies = [
 "typenum 1.11.2 (registry+https://github.com/rust-lang/crates.io-index)",
]

[[package]]
name = "getrandom"
version = "0.1.14"
source = "git+https://github.com/mesalock-linux/getrandom-sgx.git?tag=sgx_1.1.0#2f7976092b64d40aef3d2a5a304e0fa92e2b44f5"
dependencies = [
 "cfg-if 0.1.10 (registry+https://github.com/rust-lang/crates.io-index)",
 "sgx_libc 1.1.0 (git+https://github.com/apache/teaclave-sgx-sdk?rev=v1.1.0)",
 "sgx_trts 1.1.0 (git+https://github.com/apache/teaclave-sgx-sdk?rev=v1.1.0)",
 "sgx_tstd 1.1.0 (git+https://github.com/apache/teaclave-sgx-sdk?rev=v1.1.0)",
]

[[package]]
name = "httparse"
version = "1.3.4"
source = "registry+https://github.com/rust-lang/crates.io-index"

[[package]]
name = "humantime"
version = "1.3.0"
source = "git+https://github.com/mesalock-linux/humantime-sgx?tag=sgx_1.1.0#a5c8b42cb65381f73094400919a0a28dddc603bb"
dependencies = [
 "quick-error 1.2.2 (git+https://github.com/mesalock-linux/quick-error-sgx)",
 "sgx_tstd 1.1.0 (git+https://github.com/apache/teaclave-sgx-sdk?rev=v1.1.0)",
]

[[package]]
name = "ipc_attribute"
version = "0.1.0"
dependencies = [
 "quote 0.6.13 (registry+https://github.com/rust-lang/crates.io-index)",
 "syn 0.15.44 (registry+https://github.com/rust-lang/crates.io-index)",
]

[[package]]
name = "itertools"
version = "0.8.2"
source = "registry+https://github.com/rust-lang/crates.io-index"
dependencies = [
 "either 1.5.3 (registry+https://github.com/rust-lang/crates.io-index)",
]

[[package]]
name = "itoa"
version = "0.4.5"
source = "git+https://github.com/mesalock-linux/itoa-sgx.git?tag=sgx_1.1.0#48cac59ceea81c9185d9d91a0d85eeecc0dd4e13"
dependencies = [
 "sgx_tstd 1.1.0 (git+https://github.com/apache/teaclave-sgx-sdk?rev=v1.1.0)",
]

[[package]]
name = "kms_enclave"
version = "0.1.0"
dependencies = [
 "cfg-if 0.1.10 (registry+https://github.com/rust-lang/crates.io-index)",
 "env_logger 0.7.1",
 "kms_proto 0.1.0",
 "lazy_static 1.4.0 (registry+https://github.com/rust-lang/crates.io-index)",
 "log 0.4.10 (git+https://github.com/mesalock-linux/log-sgx?tag=sgx_1.1.0)",
 "mesatee_core 0.1.0",
 "rand 0.7.3",
 "sgx_cov 1.1.0 (git+https://github.com/apache/teaclave-sgx-sdk?rev=v1.1.0)",
 "sgx_tstd 1.1.0 (git+https://github.com/apache/teaclave-sgx-sdk?rev=v1.1.0)",
 "sgx_types 1.1.0 (git+https://github.com/apache/teaclave-sgx-sdk?rev=v1.1.0)",
 "teaclave_config 0.1.0",
 "uuid 0.8.1",
]

[[package]]
name = "kms_proto"
version = "0.1.0"
dependencies = [
 "base64 0.10.1 (git+https://github.com/mesalock-linux/rust-base64-sgx?tag=sgx_1.1.0)",
 "bytes 0.5.4 (git+https://github.com/mesalock-linux/bytes-sgx?tag=sgx_1.1.0)",
 "cfg-if 0.1.10 (registry+https://github.com/rust-lang/crates.io-index)",
 "mesatee_core 0.1.0",
 "prost 0.6.1",
 "prost-types 0.6.1",
 "rand 0.7.3",
 "serde 1.0.104 (git+https://github.com/mesalock-linux/serde-sgx?tag=sgx_1.1.0)",
 "serde_derive 1.0.104 (git+https://github.com/mesalock-linux/serde-sgx?tag=sgx_1.1.0)",
 "serde_json 1.0.40",
 "sgx_tstd 1.1.0 (git+https://github.com/apache/teaclave-sgx-sdk?rev=v1.1.0)",
 "sgx_types 1.1.0 (git+https://github.com/apache/teaclave-sgx-sdk?rev=v1.1.0)",
]

[[package]]
name = "lazy_static"
version = "1.4.0"
source = "registry+https://github.com/rust-lang/crates.io-index"
dependencies = [
 "spin 0.5.2 (registry+https://github.com/rust-lang/crates.io-index)",
]

[[package]]
name = "libc"
version = "0.2.68"
source = "registry+https://github.com/rust-lang/crates.io-index"

[[package]]
name = "log"
version = "0.4.10"
source = "git+https://github.com/mesalock-linux/log-sgx?tag=sgx_1.1.0#1f02c0fffc360b9efb6cd319f402c4a2b28d96e7"
dependencies = [
 "cfg-if 0.1.10 (registry+https://github.com/rust-lang/crates.io-index)",
 "sgx_tstd 1.1.0 (git+https://github.com/apache/teaclave-sgx-sdk?rev=v1.1.0)",
]

[[package]]
name = "memchr"
version = "2.2.1"
source = "git+https://github.com/mesalock-linux/rust-memchr-sgx?tag=sgx_1.1.0#a28b059672c8f273c02aaede275771396f3abadd"
dependencies = [
 "sgx_libc 1.1.0 (git+https://github.com/apache/teaclave-sgx-sdk?rev=v1.1.0)",
 "sgx_tstd 1.1.0 (git+https://github.com/apache/teaclave-sgx-sdk?rev=v1.1.0)",
 "sgx_types 1.1.0 (git+https://github.com/apache/teaclave-sgx-sdk?rev=v1.1.0)",
]

[[package]]
name = "mesatee_core"
version = "0.1.0"
dependencies = [
 "base64 0.10.1 (git+https://github.com/mesalock-linux/rust-base64-sgx?tag=sgx_1.1.0)",
 "bit-vec 0.6.1 (registry+https://github.com/rust-lang/crates.io-index)",
 "cfg-if 0.1.10 (registry+https://github.com/rust-lang/crates.io-index)",
 "chrono 0.4.10",
 "env_logger 0.7.1",
 "httparse 1.3.4 (registry+https://github.com/rust-lang/crates.io-index)",
 "ipc_attribute 0.1.0",
 "lazy_static 1.4.0 (registry+https://github.com/rust-lang/crates.io-index)",
 "log 0.4.10 (git+https://github.com/mesalock-linux/log-sgx?tag=sgx_1.1.0)",
 "net2 0.2.33 (git+https://github.com/mesalock-linux/net2-rs-sgx?tag=sgx_1.1.0)",
 "num-bigint 0.2.5",
 "ring 0.16.11",
 "rustls 0.16.0",
 "serde 1.0.104 (git+https://github.com/mesalock-linux/serde-sgx?tag=sgx_1.1.0)",
 "serde_derive 1.0.104 (git+https://github.com/mesalock-linux/serde-sgx?tag=sgx_1.1.0)",
 "serde_json 1.0.40",
 "sgx_rand 1.1.0 (git+https://github.com/apache/teaclave-sgx-sdk?rev=v1.1.0)",
 "sgx_tcrypto 1.1.0 (git+https://github.com/apache/teaclave-sgx-sdk?rev=v1.1.0)",
 "sgx_tse 1.1.0 (git+https://github.com/apache/teaclave-sgx-sdk?rev=v1.1.0)",
 "sgx_tstd 1.1.0 (git+https://github.com/apache/teaclave-sgx-sdk?rev=v1.1.0)",
 "sgx_types 1.1.0 (git+https://github.com/apache/teaclave-sgx-sdk?rev=v1.1.0)",
 "sgx_urts 1.1.0 (git+https://github.com/apache/teaclave-sgx-sdk?rev=v1.1.0)",
 "teaclave_attestation 0.1.0",
 "teaclave_config 0.1.0",
 "teaclave_utils 0.1.0",
 "toml 0.5.3",
 "uuid 0.8.1",
 "webpki 0.21.2",
 "webpki-roots 0.19.0",
 "yasna 0.3.1",
]

[[package]]
name = "net2"
version = "0.2.33"
source = "git+https://github.com/mesalock-linux/net2-rs-sgx?tag=sgx_1.1.0#a089fe1b5c5ff795ddc3b89562af595220642fa0"
dependencies = [
 "cfg-if 0.1.10 (registry+https://github.com/rust-lang/crates.io-index)",
 "sgx_libc 1.1.0 (git+https://github.com/apache/teaclave-sgx-sdk?rev=v1.1.0)",
 "sgx_tstd 1.1.0 (git+https://github.com/apache/teaclave-sgx-sdk?rev=v1.1.0)",
]

[[package]]
name = "num-bigint"
version = "0.2.5"
dependencies = [
 "autocfg 1.0.0 (registry+https://github.com/rust-lang/crates.io-index)",
 "num-integer 0.1.41",
 "num-traits 0.2.10 (git+https://github.com/mesalock-linux/num-traits-sgx?tag=sgx_1.1.0)",
 "sgx_tstd 1.1.0 (git+https://github.com/apache/teaclave-sgx-sdk?rev=v1.1.0)",
]

[[package]]
name = "num-integer"
version = "0.1.41"
dependencies = [
 "autocfg 0.1.7 (registry+https://github.com/rust-lang/crates.io-index)",
 "num-traits 0.2.10 (git+https://github.com/mesalock-linux/num-traits-sgx?tag=sgx_1.1.0)",
 "sgx_tstd 1.1.0 (git+https://github.com/apache/teaclave-sgx-sdk?rev=v1.1.0)",
]

[[package]]
name = "num-traits"
version = "0.2.10"
source = "git+https://github.com/mesalock-linux/num-traits-sgx?tag=sgx_1.1.0#34a83e2bf71c99910b4bff3028efbb37a9922a48"
dependencies = [
 "autocfg 0.1.7 (registry+https://github.com/rust-lang/crates.io-index)",
 "sgx_tstd 1.1.0 (git+https://github.com/apache/teaclave-sgx-sdk?rev=v1.1.0)",
]

[[package]]
name = "ppv-lite86"
version = "0.2.6"
source = "git+https://github.com/mesalock-linux/cryptocorrosion-sgx?tag=sgx_1.1.0#fc8604cc70e4e625d54f7f208b65f487405bb685"

[[package]]
name = "proc-macro2"
version = "0.4.30"
source = "registry+https://github.com/rust-lang/crates.io-index"
dependencies = [
 "unicode-xid 0.1.0 (registry+https://github.com/rust-lang/crates.io-index)",
]

[[package]]
name = "proc-macro2"
version = "1.0.10"
source = "registry+https://github.com/rust-lang/crates.io-index"
dependencies = [
 "unicode-xid 0.2.0 (registry+https://github.com/rust-lang/crates.io-index)",
]

[[package]]
name = "profiler_builtins"
version = "0.1.0"
source = "git+https://github.com/mesalock-linux/sgx-fake-profiler-builtins#37b585ce50ce53a74d57b8aee7f6344765846ac1"

[[package]]
name = "prost"
version = "0.6.1"
dependencies = [
 "bytes 0.5.4 (git+https://github.com/mesalock-linux/bytes-sgx?tag=sgx_1.1.0)",
 "prost-derive 0.6.1",
 "sgx_tstd 1.1.0 (git+https://github.com/apache/teaclave-sgx-sdk?rev=v1.1.0)",
]

[[package]]
name = "prost-derive"
version = "0.6.1"
dependencies = [
 "anyhow 1.0.26 (git+https://github.com/mesalock-linux/anyhow-sgx)",
 "itertools 0.8.2 (registry+https://github.com/rust-lang/crates.io-index)",
 "proc-macro2 1.0.10 (registry+https://github.com/rust-lang/crates.io-index)",
 "quote 1.0.3 (registry+https://github.com/rust-lang/crates.io-index)",
 "syn 1.0.17 (registry+https://github.com/rust-lang/crates.io-index)",
]

[[package]]
name = "prost-types"
version = "0.6.1"
dependencies = [
 "bytes 0.5.4 (git+https://github.com/mesalock-linux/bytes-sgx?tag=sgx_1.1.0)",
 "prost 0.6.1",
 "sgx_tstd 1.1.0 (git+https://github.com/apache/teaclave-sgx-sdk?rev=v1.1.0)",
]

[[package]]
name = "quick-error"
version = "1.2.2"
source = "git+https://github.com/mesalock-linux/quick-error-sgx#0d5e290435db03d57c325fb3619b9d39c911d3f3"

[[package]]
name = "quote"
version = "0.6.13"
source = "registry+https://github.com/rust-lang/crates.io-index"
dependencies = [
 "proc-macro2 0.4.30 (registry+https://github.com/rust-lang/crates.io-index)",
]

[[package]]
name = "quote"
version = "1.0.3"
source = "registry+https://github.com/rust-lang/crates.io-index"
dependencies = [
 "proc-macro2 1.0.10 (registry+https://github.com/rust-lang/crates.io-index)",
]

[[package]]
name = "rand"
version = "0.7.3"
dependencies = [
 "getrandom 0.1.14 (git+https://github.com/mesalock-linux/getrandom-sgx.git?tag=sgx_1.1.0)",
 "rand_chacha 0.2.1",
 "rand_core 0.5.1",
 "sgx_tstd 1.1.0 (git+https://github.com/apache/teaclave-sgx-sdk?rev=v1.1.0)",
]

[[package]]
name = "rand_chacha"
version = "0.2.1"
dependencies = [
 "c2-chacha 0.2.3",
 "rand_core 0.5.1",
 "sgx_tstd 1.1.0 (git+https://github.com/apache/teaclave-sgx-sdk?rev=v1.1.0)",
]

[[package]]
name = "rand_core"
version = "0.5.1"
dependencies = [
 "getrandom 0.1.14 (git+https://github.com/mesalock-linux/getrandom-sgx.git?tag=sgx_1.1.0)",
 "sgx_tstd 1.1.0 (git+https://github.com/apache/teaclave-sgx-sdk?rev=v1.1.0)",
]

[[package]]
name = "regex"
version = "1.3.1"
dependencies = [
 "aho-corasick 0.7.6",
 "memchr 2.2.1 (git+https://github.com/mesalock-linux/rust-memchr-sgx?tag=sgx_1.1.0)",
 "regex-syntax 0.6.12",
 "sgx_tstd 1.1.0 (git+https://github.com/apache/teaclave-sgx-sdk?rev=v1.1.0)",
 "thread_local 1.0.0 (git+https://github.com/mesalock-linux/thread_local-rs-sgx?tag=sgx_1.1.0)",
]

[[package]]
name = "regex-syntax"
version = "0.6.12"
dependencies = [
 "sgx_tstd 1.1.0 (git+https://github.com/apache/teaclave-sgx-sdk?rev=v1.1.0)",
]

[[package]]
name = "ring"
version = "0.16.11"
dependencies = [
 "cc 1.0.50 (registry+https://github.com/rust-lang/crates.io-index)",
 "sgx_tstd 1.1.0 (git+https://github.com/apache/teaclave-sgx-sdk?rev=v1.1.0)",
 "spin 0.5.2 (registry+https://github.com/rust-lang/crates.io-index)",
 "untrusted 0.7.0 (registry+https://github.com/rust-lang/crates.io-index)",
]

[[package]]
name = "rustls"
version = "0.16.0"
dependencies = [
 "base64 0.10.1 (git+https://github.com/mesalock-linux/rust-base64-sgx?tag=sgx_1.1.0)",
 "log 0.4.10 (git+https://github.com/mesalock-linux/log-sgx?tag=sgx_1.1.0)",
 "ring 0.16.11",
 "sct 0.6.0",
 "sgx_tstd 1.1.0 (git+https://github.com/apache/teaclave-sgx-sdk?rev=v1.1.0)",
 "webpki 0.21.2",
]

[[package]]
name = "ryu"
version = "1.0.3"
source = "registry+https://github.com/rust-lang/crates.io-index"

[[package]]
name = "sct"
version = "0.6.0"
dependencies = [
 "ring 0.16.11",
 "sgx_tstd 1.1.0 (git+https://github.com/apache/teaclave-sgx-sdk?rev=v1.1.0)",
 "untrusted 0.7.0 (registry+https://github.com/rust-lang/crates.io-index)",
]

[[package]]
name = "serde"
version = "1.0.104"
source = "git+https://github.com/mesalock-linux/serde-sgx?tag=sgx_1.1.0#c945ac9aeb23dc799070f3afaf590a6c3ac2c1a2"
dependencies = [
 "sgx_tstd 1.1.0 (git+https://github.com/apache/teaclave-sgx-sdk?rev=v1.1.0)",
]

[[package]]
name = "serde_derive"
version = "1.0.104"
source = "git+https://github.com/mesalock-linux/serde-sgx?tag=sgx_1.1.0#c945ac9aeb23dc799070f3afaf590a6c3ac2c1a2"
dependencies = [
 "proc-macro2 1.0.10 (registry+https://github.com/rust-lang/crates.io-index)",
 "quote 1.0.3 (registry+https://github.com/rust-lang/crates.io-index)",
 "syn 1.0.17 (registry+https://github.com/rust-lang/crates.io-index)",
]

[[package]]
name = "serde_json"
version = "1.0.40"
dependencies = [
 "itoa 0.4.5 (git+https://github.com/mesalock-linux/itoa-sgx.git?tag=sgx_1.1.0)",
 "ryu 1.0.3 (registry+https://github.com/rust-lang/crates.io-index)",
 "serde 1.0.104 (git+https://github.com/mesalock-linux/serde-sgx?tag=sgx_1.1.0)",
 "sgx_tstd 1.1.0 (git+https://github.com/apache/teaclave-sgx-sdk?rev=v1.1.0)",
]

[[package]]
name = "sgx_alloc"
version = "1.1.0"
source = "git+https://github.com/apache/teaclave-sgx-sdk?rev=v1.1.0#71a88b647bb76a16cbc5c3e29403e2afb67f82fd"

[[package]]
name = "sgx_backtrace_sys"
version = "1.1.0"
source = "git+https://github.com/apache/teaclave-sgx-sdk?rev=v1.1.0#71a88b647bb76a16cbc5c3e29403e2afb67f82fd"
dependencies = [
 "cc 1.0.50 (registry+https://github.com/rust-lang/crates.io-index)",
 "sgx_build_helper 0.1.0 (git+https://github.com/apache/teaclave-sgx-sdk?rev=v1.1.0)",
 "sgx_libc 1.1.0 (git+https://github.com/apache/teaclave-sgx-sdk?rev=v1.1.0)",
]

[[package]]
name = "sgx_build_helper"
version = "0.1.0"
source = "git+https://github.com/apache/teaclave-sgx-sdk?rev=v1.1.0#71a88b647bb76a16cbc5c3e29403e2afb67f82fd"

[[package]]
name = "sgx_cov"
version = "1.1.0"
source = "git+https://github.com/apache/teaclave-sgx-sdk?rev=v1.1.0#71a88b647bb76a16cbc5c3e29403e2afb67f82fd"
dependencies = [
 "lazy_static 1.4.0 (registry+https://github.com/rust-lang/crates.io-index)",
 "profiler_builtins 0.1.0 (git+https://github.com/mesalock-linux/sgx-fake-profiler-builtins)",
 "sgx_rand 1.1.0 (git+https://github.com/apache/teaclave-sgx-sdk?rev=v1.1.0)",
 "sgx_tstd 1.1.0 (git+https://github.com/apache/teaclave-sgx-sdk?rev=v1.1.0)",
 "sgx_types 1.1.0 (git+https://github.com/apache/teaclave-sgx-sdk?rev=v1.1.0)",
]

[[package]]
name = "sgx_demangle"
version = "1.1.0"
source = "git+https://github.com/apache/teaclave-sgx-sdk?rev=v1.1.0#71a88b647bb76a16cbc5c3e29403e2afb67f82fd"

[[package]]
name = "sgx_libc"
version = "1.1.0"
source = "git+https://github.com/apache/teaclave-sgx-sdk?rev=v1.1.0#71a88b647bb76a16cbc5c3e29403e2afb67f82fd"
dependencies = [
 "sgx_types 1.1.0 (git+https://github.com/apache/teaclave-sgx-sdk?rev=v1.1.0)",
]

[[package]]
name = "sgx_rand"
version = "1.1.0"
source = "git+https://github.com/apache/teaclave-sgx-sdk?rev=v1.1.0#71a88b647bb76a16cbc5c3e29403e2afb67f82fd"
dependencies = [
 "sgx_trts 1.1.0 (git+https://github.com/apache/teaclave-sgx-sdk?rev=v1.1.0)",
 "sgx_tstd 1.1.0 (git+https://github.com/apache/teaclave-sgx-sdk?rev=v1.1.0)",
 "sgx_types 1.1.0 (git+https://github.com/apache/teaclave-sgx-sdk?rev=v1.1.0)",
]

[[package]]
name = "sgx_tcrypto"
version = "1.1.0"
source = "git+https://github.com/apache/teaclave-sgx-sdk?rev=v1.1.0#71a88b647bb76a16cbc5c3e29403e2afb67f82fd"
dependencies = [
 "sgx_types 1.1.0 (git+https://github.com/apache/teaclave-sgx-sdk?rev=v1.1.0)",
]

[[package]]
name = "sgx_tprotected_fs"
version = "1.1.0"
source = "git+https://github.com/apache/teaclave-sgx-sdk?rev=v1.1.0#71a88b647bb76a16cbc5c3e29403e2afb67f82fd"
dependencies = [
 "sgx_trts 1.1.0 (git+https://github.com/apache/teaclave-sgx-sdk?rev=v1.1.0)",
 "sgx_types 1.1.0 (git+https://github.com/apache/teaclave-sgx-sdk?rev=v1.1.0)",
]

[[package]]
name = "sgx_trts"
version = "1.1.0"
source = "git+https://github.com/apache/teaclave-sgx-sdk?rev=v1.1.0#71a88b647bb76a16cbc5c3e29403e2afb67f82fd"
dependencies = [
 "sgx_libc 1.1.0 (git+https://github.com/apache/teaclave-sgx-sdk?rev=v1.1.0)",
 "sgx_types 1.1.0 (git+https://github.com/apache/teaclave-sgx-sdk?rev=v1.1.0)",
]

[[package]]
name = "sgx_tse"
version = "1.1.0"
source = "git+https://github.com/apache/teaclave-sgx-sdk?rev=v1.1.0#71a88b647bb76a16cbc5c3e29403e2afb67f82fd"
dependencies = [
 "sgx_types 1.1.0 (git+https://github.com/apache/teaclave-sgx-sdk?rev=v1.1.0)",
]

[[package]]
name = "sgx_tseal"
version = "1.1.0"
source = "git+https://github.com/apache/teaclave-sgx-sdk?rev=v1.1.0#71a88b647bb76a16cbc5c3e29403e2afb67f82fd"
dependencies = [
 "sgx_tcrypto 1.1.0 (git+https://github.com/apache/teaclave-sgx-sdk?rev=v1.1.0)",
 "sgx_trts 1.1.0 (git+https://github.com/apache/teaclave-sgx-sdk?rev=v1.1.0)",
 "sgx_tse 1.1.0 (git+https://github.com/apache/teaclave-sgx-sdk?rev=v1.1.0)",
 "sgx_types 1.1.0 (git+https://github.com/apache/teaclave-sgx-sdk?rev=v1.1.0)",
]

[[package]]
name = "sgx_tstd"
version = "1.1.0"
source = "git+https://github.com/apache/teaclave-sgx-sdk?rev=v1.1.0#71a88b647bb76a16cbc5c3e29403e2afb67f82fd"
dependencies = [
 "sgx_alloc 1.1.0 (git+https://github.com/apache/teaclave-sgx-sdk?rev=v1.1.0)",
 "sgx_backtrace_sys 1.1.0 (git+https://github.com/apache/teaclave-sgx-sdk?rev=v1.1.0)",
 "sgx_demangle 1.1.0 (git+https://github.com/apache/teaclave-sgx-sdk?rev=v1.1.0)",
 "sgx_libc 1.1.0 (git+https://github.com/apache/teaclave-sgx-sdk?rev=v1.1.0)",
 "sgx_tprotected_fs 1.1.0 (git+https://github.com/apache/teaclave-sgx-sdk?rev=v1.1.0)",
 "sgx_trts 1.1.0 (git+https://github.com/apache/teaclave-sgx-sdk?rev=v1.1.0)",
 "sgx_tseal 1.1.0 (git+https://github.com/apache/teaclave-sgx-sdk?rev=v1.1.0)",
 "sgx_types 1.1.0 (git+https://github.com/apache/teaclave-sgx-sdk?rev=v1.1.0)",
 "sgx_unwind 0.1.0 (git+https://github.com/apache/teaclave-sgx-sdk?rev=v1.1.0)",
]

[[package]]
name = "sgx_types"
version = "1.1.0"
source = "git+https://github.com/apache/teaclave-sgx-sdk?rev=v1.1.0#71a88b647bb76a16cbc5c3e29403e2afb67f82fd"

[[package]]
name = "sgx_unwind"
version = "0.1.0"
source = "git+https://github.com/apache/teaclave-sgx-sdk?rev=v1.1.0#71a88b647bb76a16cbc5c3e29403e2afb67f82fd"
dependencies = [
 "sgx_build_helper 0.1.0 (git+https://github.com/apache/teaclave-sgx-sdk?rev=v1.1.0)",
]

[[package]]
name = "sgx_urts"
version = "1.1.0"
source = "git+https://github.com/apache/teaclave-sgx-sdk?rev=v1.1.0#71a88b647bb76a16cbc5c3e29403e2afb67f82fd"
dependencies = [
 "libc 0.2.68 (registry+https://github.com/rust-lang/crates.io-index)",
 "sgx_types 1.1.0 (git+https://github.com/apache/teaclave-sgx-sdk?rev=v1.1.0)",
]

[[package]]
name = "spin"
version = "0.5.2"
source = "registry+https://github.com/rust-lang/crates.io-index"

[[package]]
name = "stream-cipher"
version = "0.3.2"
source = "git+https://github.com/mesalock-linux/rustcrypto-traits-sgx?tag=sgx_1.1.0#52152b8d29c6bf289a49a2d2716851915abce0c3"
dependencies = [
 "generic-array 0.12.3 (registry+https://github.com/rust-lang/crates.io-index)",
]

[[package]]
name = "syn"
version = "0.15.44"
source = "registry+https://github.com/rust-lang/crates.io-index"
dependencies = [
 "proc-macro2 0.4.30 (registry+https://github.com/rust-lang/crates.io-index)",
 "quote 0.6.13 (registry+https://github.com/rust-lang/crates.io-index)",
 "unicode-xid 0.1.0 (registry+https://github.com/rust-lang/crates.io-index)",
]

[[package]]
name = "syn"
version = "1.0.17"
source = "registry+https://github.com/rust-lang/crates.io-index"
dependencies = [
 "proc-macro2 1.0.10 (registry+https://github.com/rust-lang/crates.io-index)",
 "quote 1.0.3 (registry+https://github.com/rust-lang/crates.io-index)",
 "unicode-xid 0.2.0 (registry+https://github.com/rust-lang/crates.io-index)",
]

[[package]]
name = "teaclave_attestation"
version = "0.1.0"
dependencies = [
 "anyhow 1.0.26 (git+https://github.com/mesalock-linux/anyhow-sgx?tag=sgx_1.1.0)",
 "base64 0.10.1 (git+https://github.com/mesalock-linux/rust-base64-sgx?tag=sgx_1.1.0)",
 "bit-vec 0.6.1 (registry+https://github.com/rust-lang/crates.io-index)",
 "cfg-if 0.1.10 (registry+https://github.com/rust-lang/crates.io-index)",
 "chrono 0.4.10",
 "httparse 1.3.4 (registry+https://github.com/rust-lang/crates.io-index)",
 "log 0.4.10 (git+https://github.com/mesalock-linux/log-sgx?tag=sgx_1.1.0)",
 "num-bigint 0.2.5",
 "rustls 0.16.0",
 "serde 1.0.104 (git+https://github.com/mesalock-linux/serde-sgx?tag=sgx_1.1.0)",
 "serde_derive 1.0.104 (git+https://github.com/mesalock-linux/serde-sgx?tag=sgx_1.1.0)",
 "serde_json 1.0.40",
 "sgx_rand 1.1.0 (git+https://github.com/apache/teaclave-sgx-sdk?rev=v1.1.0)",
 "sgx_tcrypto 1.1.0 (git+https://github.com/apache/teaclave-sgx-sdk?rev=v1.1.0)",
 "sgx_tse 1.1.0 (git+https://github.com/apache/teaclave-sgx-sdk?rev=v1.1.0)",
 "sgx_tstd 1.1.0 (git+https://github.com/apache/teaclave-sgx-sdk?rev=v1.1.0)",
 "sgx_types 1.1.0 (git+https://github.com/apache/teaclave-sgx-sdk?rev=v1.1.0)",
 "teaclave_config 0.1.0",
 "teaclave_utils 0.1.0",
 "thiserror 1.0.9 (git+https://github.com/mesalock-linux/thiserror-sgx?branch=v1.1.0-backup)",
 "uuid 0.8.1",
 "webpki 0.21.2",
 "webpki-roots 0.19.0",
 "yasna 0.3.1",
]

[[package]]
name = "teaclave_config"
version = "0.1.0"
dependencies = [
 "lazy_static 1.4.0 (registry+https://github.com/rust-lang/crates.io-index)",
 "log 0.4.10 (git+https://github.com/mesalock-linux/log-sgx?tag=sgx_1.1.0)",
 "serde 1.0.104 (git+https://github.com/mesalock-linux/serde-sgx?tag=sgx_1.1.0)",
 "serde_derive 1.0.104 (git+https://github.com/mesalock-linux/serde-sgx?tag=sgx_1.1.0)",
 "sgx_tstd 1.1.0 (git+https://github.com/apache/teaclave-sgx-sdk?rev=v1.1.0)",
 "toml 0.5.3",
]

[[package]]
name = "teaclave_utils"
version = "0.1.0"
dependencies = [
 "ring 0.16.11",
 "serde 1.0.104 (git+https://github.com/mesalock-linux/serde-sgx?tag=sgx_1.1.0)",
 "serde_derive 1.0.104 (git+https://github.com/mesalock-linux/serde-sgx?tag=sgx_1.1.0)",
 "sgx_tstd 1.1.0 (git+https://github.com/apache/teaclave-sgx-sdk?rev=v1.1.0)",
 "sgx_types 1.1.0 (git+https://github.com/apache/teaclave-sgx-sdk?rev=v1.1.0)",
 "toml 0.5.3",
]

[[package]]
name = "termcolor"
version = "1.0.5"
source = "git+https://github.com/mesalock-linux/termcolor-sgx?tag=sgx_1.1.0#1701087f2d0899260976f6c9aec9ef82d8759ab4"
dependencies = [
 "sgx_tstd 1.1.0 (git+https://github.com/apache/teaclave-sgx-sdk?rev=v1.1.0)",
]

[[package]]
name = "thiserror"
version = "1.0.9"
source = "git+https://github.com/mesalock-linux/thiserror-sgx?branch=v1.1.0-backup#5869b9b1032390ceb73d77ff64f7b7bdd9dacf29"
dependencies = [
 "sgx_tstd 1.1.0 (git+https://github.com/apache/teaclave-sgx-sdk?rev=v1.1.0)",
 "thiserror-impl 1.0.9 (git+https://github.com/mesalock-linux/thiserror-sgx?branch=v1.1.0-backup)",
]

[[package]]
name = "thiserror-impl"
version = "1.0.9"
source = "git+https://github.com/mesalock-linux/thiserror-sgx?branch=v1.1.0-backup#5869b9b1032390ceb73d77ff64f7b7bdd9dacf29"
dependencies = [
 "proc-macro2 1.0.10 (registry+https://github.com/rust-lang/crates.io-index)",
 "quote 1.0.3 (registry+https://github.com/rust-lang/crates.io-index)",
 "syn 1.0.17 (registry+https://github.com/rust-lang/crates.io-index)",
]

[[package]]
name = "thread_local"
version = "1.0.0"
source = "git+https://github.com/mesalock-linux/thread_local-rs-sgx?tag=sgx_1.1.0#b95e13d4f7808f35efc5f84dda380e299c0ee1f3"
dependencies = [
 "lazy_static 1.4.0 (registry+https://github.com/rust-lang/crates.io-index)",
 "sgx_tstd 1.1.0 (git+https://github.com/apache/teaclave-sgx-sdk?rev=v1.1.0)",
]

[[package]]
name = "toml"
version = "0.5.3"
dependencies = [
 "serde 1.0.104 (git+https://github.com/mesalock-linux/serde-sgx?tag=sgx_1.1.0)",
 "sgx_tstd 1.1.0 (git+https://github.com/apache/teaclave-sgx-sdk?rev=v1.1.0)",
]

[[package]]
name = "typenum"
version = "1.11.2"
source = "registry+https://github.com/rust-lang/crates.io-index"

[[package]]
name = "unicode-xid"
version = "0.1.0"
source = "registry+https://github.com/rust-lang/crates.io-index"

[[package]]
name = "unicode-xid"
version = "0.2.0"
source = "registry+https://github.com/rust-lang/crates.io-index"

[[package]]
name = "untrusted"
version = "0.7.0"
source = "registry+https://github.com/rust-lang/crates.io-index"

[[package]]
name = "uuid"
version = "0.8.1"
dependencies = [
 "rand 0.7.3",
 "sgx_tstd 1.1.0 (git+https://github.com/apache/teaclave-sgx-sdk?rev=v1.1.0)",
]

[[package]]
name = "webpki"
version = "0.21.2"
dependencies = [
 "ring 0.16.11",
 "sgx_tstd 1.1.0 (git+https://github.com/apache/teaclave-sgx-sdk?rev=v1.1.0)",
 "untrusted 0.7.0 (registry+https://github.com/rust-lang/crates.io-index)",
]

[[package]]
name = "webpki-roots"
version = "0.19.0"
dependencies = [
 "sgx_tstd 1.1.0 (git+https://github.com/apache/teaclave-sgx-sdk?rev=v1.1.0)",
 "webpki 0.21.2",
]

[[package]]
name = "yasna"
version = "0.3.1"
dependencies = [
 "bit-vec 0.6.1 (registry+https://github.com/rust-lang/crates.io-index)",
 "chrono 0.4.10",
 "num-bigint 0.2.5",
 "sgx_tstd 1.1.0 (git+https://github.com/apache/teaclave-sgx-sdk?rev=v1.1.0)",
]

[metadata]
"checksum anyhow 1.0.26 (git+https://github.com/mesalock-linux/anyhow-sgx)" = "<none>"
"checksum anyhow 1.0.26 (git+https://github.com/mesalock-linux/anyhow-sgx?tag=sgx_1.1.0)" = "<none>"
"checksum autocfg 0.1.7 (registry+https://github.com/rust-lang/crates.io-index)" = "1d49d90015b3c36167a20fe2810c5cd875ad504b39cff3d4eae7977e6b7c1cb2"
"checksum autocfg 1.0.0 (registry+https://github.com/rust-lang/crates.io-index)" = "f8aac770f1885fd7e387acedd76065302551364496e46b3dd00860b2f8359b9d"
"checksum base64 0.10.1 (git+https://github.com/mesalock-linux/rust-base64-sgx?tag=sgx_1.1.0)" = "<none>"
"checksum bit-vec 0.6.1 (registry+https://github.com/rust-lang/crates.io-index)" = "a4523a10839ffae575fb08aa3423026c8cb4687eef43952afb956229d4f246f7"
"checksum byteorder 1.3.2 (git+https://github.com/mesalock-linux/byteorder-sgx?tag=sgx_1.1.0)" = "<none>"
"checksum bytes 0.5.4 (git+https://github.com/mesalock-linux/bytes-sgx?tag=sgx_1.1.0)" = "<none>"
"checksum cc 1.0.50 (registry+https://github.com/rust-lang/crates.io-index)" = "95e28fa049fda1c330bcf9d723be7663a899c4679724b34c81e9f5a326aab8cd"
"checksum cfg-if 0.1.10 (registry+https://github.com/rust-lang/crates.io-index)" = "4785bdd1c96b2a846b2bd7cc02e86b6b3dbf14e7e53446c4f54c92a361040822"
"checksum either 1.5.3 (registry+https://github.com/rust-lang/crates.io-index)" = "bb1f6b1ce1c140482ea30ddd3335fc0024ac7ee112895426e0a629a6c20adfe3"
"checksum generic-array 0.12.3 (registry+https://github.com/rust-lang/crates.io-index)" = "c68f0274ae0e023facc3c97b2e00f076be70e254bc851d972503b328db79b2ec"
"checksum getrandom 0.1.14 (git+https://github.com/mesalock-linux/getrandom-sgx.git?tag=sgx_1.1.0)" = "<none>"
"checksum httparse 1.3.4 (registry+https://github.com/rust-lang/crates.io-index)" = "cd179ae861f0c2e53da70d892f5f3029f9594be0c41dc5269cd371691b1dc2f9"
"checksum humantime 1.3.0 (git+https://github.com/mesalock-linux/humantime-sgx?tag=sgx_1.1.0)" = "<none>"
"checksum itertools 0.8.2 (registry+https://github.com/rust-lang/crates.io-index)" = "f56a2d0bc861f9165be4eb3442afd3c236d8a98afd426f65d92324ae1091a484"
"checksum itoa 0.4.5 (git+https://github.com/mesalock-linux/itoa-sgx.git?tag=sgx_1.1.0)" = "<none>"
"checksum lazy_static 1.4.0 (registry+https://github.com/rust-lang/crates.io-index)" = "e2abad23fbc42b3700f2f279844dc832adb2b2eb069b2df918f455c4e18cc646"
"checksum libc 0.2.68 (registry+https://github.com/rust-lang/crates.io-index)" = "dea0c0405123bba743ee3f91f49b1c7cfb684eef0da0a50110f758ccf24cdff0"
"checksum log 0.4.10 (git+https://github.com/mesalock-linux/log-sgx?tag=sgx_1.1.0)" = "<none>"
"checksum memchr 2.2.1 (git+https://github.com/mesalock-linux/rust-memchr-sgx?tag=sgx_1.1.0)" = "<none>"
"checksum net2 0.2.33 (git+https://github.com/mesalock-linux/net2-rs-sgx?tag=sgx_1.1.0)" = "<none>"
"checksum num-traits 0.2.10 (git+https://github.com/mesalock-linux/num-traits-sgx?tag=sgx_1.1.0)" = "<none>"
"checksum ppv-lite86 0.2.6 (git+https://github.com/mesalock-linux/cryptocorrosion-sgx?tag=sgx_1.1.0)" = "<none>"
"checksum proc-macro2 0.4.30 (registry+https://github.com/rust-lang/crates.io-index)" = "cf3d2011ab5c909338f7887f4fc896d35932e29146c12c8d01da6b22a80ba759"
"checksum proc-macro2 1.0.10 (registry+https://github.com/rust-lang/crates.io-index)" = "df246d292ff63439fea9bc8c0a270bed0e390d5ebd4db4ba15aba81111b5abe3"
"checksum profiler_builtins 0.1.0 (git+https://github.com/mesalock-linux/sgx-fake-profiler-builtins)" = "<none>"
"checksum quick-error 1.2.2 (git+https://github.com/mesalock-linux/quick-error-sgx)" = "<none>"
"checksum quote 0.6.13 (registry+https://github.com/rust-lang/crates.io-index)" = "6ce23b6b870e8f94f81fb0a363d65d86675884b34a09043c81e5562f11c1f8e1"
"checksum quote 1.0.3 (registry+https://github.com/rust-lang/crates.io-index)" = "2bdc6c187c65bca4260c9011c9e3132efe4909da44726bad24cf7572ae338d7f"
"checksum ryu 1.0.3 (registry+https://github.com/rust-lang/crates.io-index)" = "535622e6be132bccd223f4bb2b8ac8d53cda3c7a6394944d3b2b33fb974f9d76"
"checksum serde 1.0.104 (git+https://github.com/mesalock-linux/serde-sgx?tag=sgx_1.1.0)" = "<none>"
"checksum serde_derive 1.0.104 (git+https://github.com/mesalock-linux/serde-sgx?tag=sgx_1.1.0)" = "<none>"
"checksum sgx_alloc 1.1.0 (git+https://github.com/apache/teaclave-sgx-sdk?rev=v1.1.0)" = "<none>"
"checksum sgx_backtrace_sys 1.1.0 (git+https://github.com/apache/teaclave-sgx-sdk?rev=v1.1.0)" = "<none>"
"checksum sgx_build_helper 0.1.0 (git+https://github.com/apache/teaclave-sgx-sdk?rev=v1.1.0)" = "<none>"
"checksum sgx_cov 1.1.0 (git+https://github.com/apache/teaclave-sgx-sdk?rev=v1.1.0)" = "<none>"
"checksum sgx_demangle 1.1.0 (git+https://github.com/apache/teaclave-sgx-sdk?rev=v1.1.0)" = "<none>"
"checksum sgx_libc 1.1.0 (git+https://github.com/apache/teaclave-sgx-sdk?rev=v1.1.0)" = "<none>"
"checksum sgx_rand 1.1.0 (git+https://github.com/apache/teaclave-sgx-sdk?rev=v1.1.0)" = "<none>"
"checksum sgx_tcrypto 1.1.0 (git+https://github.com/apache/teaclave-sgx-sdk?rev=v1.1.0)" = "<none>"
"checksum sgx_tprotected_fs 1.1.0 (git+https://github.com/apache/teaclave-sgx-sdk?rev=v1.1.0)" = "<none>"
"checksum sgx_trts 1.1.0 (git+https://github.com/apache/teaclave-sgx-sdk?rev=v1.1.0)" = "<none>"
"checksum sgx_tse 1.1.0 (git+https://github.com/apache/teaclave-sgx-sdk?rev=v1.1.0)" = "<none>"
"checksum sgx_tseal 1.1.0 (git+https://github.com/apache/teaclave-sgx-sdk?rev=v1.1.0)" = "<none>"
"checksum sgx_tstd 1.1.0 (git+https://github.com/apache/teaclave-sgx-sdk?rev=v1.1.0)" = "<none>"
"checksum sgx_types 1.1.0 (git+https://github.com/apache/teaclave-sgx-sdk?rev=v1.1.0)" = "<none>"
"checksum sgx_unwind 0.1.0 (git+https://github.com/apache/teaclave-sgx-sdk?rev=v1.1.0)" = "<none>"
"checksum sgx_urts 1.1.0 (git+https://github.com/apache/teaclave-sgx-sdk?rev=v1.1.0)" = "<none>"
"checksum spin 0.5.2 (registry+https://github.com/rust-lang/crates.io-index)" = "6e63cff320ae2c57904679ba7cb63280a3dc4613885beafb148ee7bf9aa9042d"
"checksum stream-cipher 0.3.2 (git+https://github.com/mesalock-linux/rustcrypto-traits-sgx?tag=sgx_1.1.0)" = "<none>"
"checksum syn 0.15.44 (registry+https://github.com/rust-lang/crates.io-index)" = "9ca4b3b69a77cbe1ffc9e198781b7acb0c7365a883670e8f1c1bc66fba79a5c5"
"checksum syn 1.0.17 (registry+https://github.com/rust-lang/crates.io-index)" = "0df0eb663f387145cab623dea85b09c2c5b4b0aef44e945d928e682fce71bb03"
"checksum termcolor 1.0.5 (git+https://github.com/mesalock-linux/termcolor-sgx?tag=sgx_1.1.0)" = "<none>"
"checksum thiserror 1.0.9 (git+https://github.com/mesalock-linux/thiserror-sgx?branch=v1.1.0-backup)" = "<none>"
"checksum thiserror-impl 1.0.9 (git+https://github.com/mesalock-linux/thiserror-sgx?branch=v1.1.0-backup)" = "<none>"
"checksum thread_local 1.0.0 (git+https://github.com/mesalock-linux/thread_local-rs-sgx?tag=sgx_1.1.0)" = "<none>"
"checksum typenum 1.11.2 (registry+https://github.com/rust-lang/crates.io-index)" = "6d2783fe2d6b8c1101136184eb41be8b1ad379e4657050b8aaff0c79ee7575f9"
"checksum unicode-xid 0.1.0 (registry+https://github.com/rust-lang/crates.io-index)" = "fc72304796d0818e357ead4e000d19c9c174ab23dc11093ac919054d20a6a7fc"
"checksum unicode-xid 0.2.0 (registry+https://github.com/rust-lang/crates.io-index)" = "826e7639553986605ec5979c7dd957c7895e93eabed50ab2ffa7f6128a75097c"
"checksum untrusted 0.7.0 (registry+https://github.com/rust-lang/crates.io-index)" = "60369ef7a31de49bcb3f6ca728d4ba7300d9a1658f94c727d4cab8c8d9f4aece"
